// !$*UTF8*$!
{
	archiveVersion = 1;
	classes = {
	};
	objectVersion = 46;
	objects = {

/* Begin PBXBuildFile section */
		134565DF1F7980FF191C5DD6 /* Pods_CoolestProjectsTests.framework in Frameworks */ = {isa = PBXBuildFile; fileRef = 1BB508B9D65AD4A13FA74B39 /* Pods_CoolestProjectsTests.framework */; };
		25318B181CFD794000691791 /* CPAFirebaseDefaultService.m in Sources */ = {isa = PBXBuildFile; fileRef = 25318B171CFD794000691791 /* CPAFirebaseDefaultService.m */; };
		25318B1C1CFD7EA700691791 /* CPAObject.m in Sources */ = {isa = PBXBuildFile; fileRef = 25318B1B1CFD7EA700691791 /* CPAObject.m */; };
		25318B1F1CFD7EBC00691791 /* CPASpeaker.m in Sources */ = {isa = PBXBuildFile; fileRef = 25318B1E1CFD7EBC00691791 /* CPASpeaker.m */; };
		25318B221CFD93D800691791 /* CPASponsorTier.m in Sources */ = {isa = PBXBuildFile; fileRef = 25318B211CFD93D800691791 /* CPASponsorTier.m */; };
		3A02C858EBAB3C0EB32DEEC3 /* Pods_CoolestProjects.framework in Frameworks */ = {isa = PBXBuildFile; fileRef = 194788837311B5F45B6240AD /* Pods_CoolestProjects.framework */; };
		440C94741D0599A700846321 /* Speakers.xcassets in Resources */ = {isa = PBXBuildFile; fileRef = 440C94731D0599A700846321 /* Speakers.xcassets */; };
		4453ED181CF9EA2C0028C8E0 /* main.m in Sources */ = {isa = PBXBuildFile; fileRef = 4453ED171CF9EA2C0028C8E0 /* main.m */; };
		4453ED1B1CF9EA2C0028C8E0 /* AppDelegate.m in Sources */ = {isa = PBXBuildFile; fileRef = 4453ED1A1CF9EA2C0028C8E0 /* AppDelegate.m */; };
		4453ED1E1CF9EA2C0028C8E0 /* ViewController.m in Sources */ = {isa = PBXBuildFile; fileRef = 4453ED1D1CF9EA2C0028C8E0 /* ViewController.m */; };
		4453ED211CF9EA2C0028C8E0 /* Main.storyboard in Resources */ = {isa = PBXBuildFile; fileRef = 4453ED1F1CF9EA2C0028C8E0 /* Main.storyboard */; };
		4453ED231CF9EA2C0028C8E0 /* Assets.xcassets in Resources */ = {isa = PBXBuildFile; fileRef = 4453ED221CF9EA2C0028C8E0 /* Assets.xcassets */; };
		4453ED261CF9EA2C0028C8E0 /* LaunchScreen.storyboard in Resources */ = {isa = PBXBuildFile; fileRef = 4453ED241CF9EA2C0028C8E0 /* LaunchScreen.storyboard */; };
		4453ED311CF9EA2D0028C8E0 /* CoolestProjectsTests.m in Sources */ = {isa = PBXBuildFile; fileRef = 4453ED301CF9EA2D0028C8E0 /* CoolestProjectsTests.m */; };
		4498BFE01D04BCB80085A15C /* SpeakersViewController.swift in Sources */ = {isa = PBXBuildFile; fileRef = 4498BFDD1D04BCB80085A15C /* SpeakersViewController.swift */; };
		4498BFE11D04BCB80085A15C /* SpeakersViewController.xib in Resources */ = {isa = PBXBuildFile; fileRef = 4498BFDE1D04BCB80085A15C /* SpeakersViewController.xib */; };
		4498BFE31D04BCD60085A15C /* SpeakersViewModel.swift in Sources */ = {isa = PBXBuildFile; fileRef = 4498BFE21D04BCD60085A15C /* SpeakersViewModel.swift */; };
		44E46FEF1D04CA91003F779A /* SpeakerTableViewCell.swift in Sources */ = {isa = PBXBuildFile; fileRef = 44E46FED1D04CA91003F779A /* SpeakerTableViewCell.swift */; };
		44E46FF01D04CA91003F779A /* SpeakerTableViewCell.xib in Resources */ = {isa = PBXBuildFile; fileRef = 44E46FEE1D04CA91003F779A /* SpeakerTableViewCell.xib */; };
		A90364941CFF9CD60089B351 /* HomeViewModel.swift in Sources */ = {isa = PBXBuildFile; fileRef = A90364931CFF9CD60089B351 /* HomeViewModel.swift */; };
		A91C078E1D00E3DC005271FE /* Boxes.swift in Sources */ = {isa = PBXBuildFile; fileRef = A91C078D1D00E3DC005271FE /* Boxes.swift */; };
		A91C07911D00EA54005271FE /* OpenSans-Light.ttf in Resources */ = {isa = PBXBuildFile; fileRef = B79C051731B8A634DF461065 /* OpenSans-Light.ttf */; };
		A91C07921D00EA54005271FE /* OpenSans-Regular.ttf in Resources */ = {isa = PBXBuildFile; fileRef = B79C045F341C1FEA00B4A605 /* OpenSans-Regular.ttf */; };
		A91C07931D00EA54005271FE /* OpenSans-Semibold.ttf in Resources */ = {isa = PBXBuildFile; fileRef = B79C05458A577A69B366BA10 /* OpenSans-Semibold.ttf */; };
		A91C079C1D00EC3F005271FE /* HomeViewController.swift in Sources */ = {isa = PBXBuildFile; fileRef = A91C079A1D00EC3F005271FE /* HomeViewController.swift */; };
		A91C079D1D00EC3F005271FE /* HomeViewController.xib in Resources */ = {isa = PBXBuildFile; fileRef = A91C079B1D00EC3F005271FE /* HomeViewController.xib */; };
		A91C079F1D00EC85005271FE /* InfoBoxTableViewCell.swift in Sources */ = {isa = PBXBuildFile; fileRef = A91C079E1D00EC85005271FE /* InfoBoxTableViewCell.swift */; };
		A91C07A31D00ECC0005271FE /* InfoBoxTableViewCell.xib in Resources */ = {isa = PBXBuildFile; fileRef = A91C07A21D00ECC0005271FE /* InfoBoxTableViewCell.xib */; };
		A91C07A61D0101C5005271FE /* Localizable.strings in Resources */ = {isa = PBXBuildFile; fileRef = A91C07A51D0101C5005271FE /* Localizable.strings */; };
		A91C07A81D0104D4005271FE /* Constants.swift in Sources */ = {isa = PBXBuildFile; fileRef = A91C07A71D0104D4005271FE /* Constants.swift */; };
		A946C7971D0316E500E19639 /* Configurable.swift in Sources */ = {isa = PBXBuildFile; fileRef = A946C7961D0316E500E19639 /* Configurable.swift */; };
		A98010C41D04D4ED00AABC90 /* GenericDataSource.swift in Sources */ = {isa = PBXBuildFile; fileRef = A98010C31D04D4ED00AABC90 /* GenericDataSource.swift */; };
		A98010C81D0522E800AABC90 /* Stages.xcassets in Resources */ = {isa = PBXBuildFile; fileRef = A98010C71D0522E800AABC90 /* Stages.xcassets */; };
		A98010CA1D0524A300AABC90 /* Stages.strings in Resources */ = {isa = PBXBuildFile; fileRef = A98010C91D0524A300AABC90 /* Stages.strings */; };
		A98010D31D05259F00AABC90 /* StagesViewController.swift in Sources */ = {isa = PBXBuildFile; fileRef = A98010D11D05259F00AABC90 /* StagesViewController.swift */; };
		A98010D41D05259F00AABC90 /* StagesViewController.xib in Resources */ = {isa = PBXBuildFile; fileRef = A98010D21D05259F00AABC90 /* StagesViewController.xib */; };
		A98010D71D0525A800AABC90 /* StagesTableViewCell.swift in Sources */ = {isa = PBXBuildFile; fileRef = A98010D51D0525A800AABC90 /* StagesTableViewCell.swift */; };
		A98010D81D0525A800AABC90 /* StagesTableViewCell.xib in Resources */ = {isa = PBXBuildFile; fileRef = A98010D61D0525A800AABC90 /* StagesTableViewCell.xib */; };
		A9F8DB4E1D0331C100ECE1F3 /* Home.strings in Resources */ = {isa = PBXBuildFile; fileRef = A9F8DB4D1D0331C100ECE1F3 /* Home.strings */; };
		A9F8DB511D03332700ECE1F3 /* Home.xcassets in Resources */ = {isa = PBXBuildFile; fileRef = A9F8DB501D03332700ECE1F3 /* Home.xcassets */; };
		A9F8DB5A1D03387700ECE1F3 /* HomeTableHeaderView.xib in Resources */ = {isa = PBXBuildFile; fileRef = A9F8DB591D03387700ECE1F3 /* HomeTableHeaderView.xib */; };
		A9F8DB5C1D03389800ECE1F3 /* HomeTableHeaderView.swift in Sources */ = {isa = PBXBuildFile; fileRef = A9F8DB5B1D03389800ECE1F3 /* HomeTableHeaderView.swift */; };
		A9F8DB631D03623B00ECE1F3 /* SponsorBoxTableViewCell.swift in Sources */ = {isa = PBXBuildFile; fileRef = A9F8DB611D03623B00ECE1F3 /* SponsorBoxTableViewCell.swift */; };
		A9F8DB641D03623B00ECE1F3 /* SponsorBoxTableViewCell.xib in Resources */ = {isa = PBXBuildFile; fileRef = A9F8DB621D03623B00ECE1F3 /* SponsorBoxTableViewCell.xib */; };
		A9F8DB671D03716D00ECE1F3 /* HomeTableFooterView.xib in Resources */ = {isa = PBXBuildFile; fileRef = A9F8DB661D03716D00ECE1F3 /* HomeTableFooterView.xib */; };
		A9F8DB691D0373B300ECE1F3 /* NibLoadable.swift in Sources */ = {isa = PBXBuildFile; fileRef = A9F8DB681D0373B300ECE1F3 /* NibLoadable.swift */; };
		A9F8DB6B1D0376BA00ECE1F3 /* HomeTableFooterView.swift in Sources */ = {isa = PBXBuildFile; fileRef = A9F8DB6A1D0376BA00ECE1F3 /* HomeTableFooterView.swift */; };
		AF3EA5C27264BE6E30AEBFA1 /* CPASponsor.m in Sources */ = {isa = PBXBuildFile; fileRef = AF3EA519C673E3A958BF8F77 /* CPASponsor.m */; };
		AF3EAF4DEB8B5762CBBAAE06 /* CPASummit.m in Sources */ = {isa = PBXBuildFile; fileRef = AF3EA7858BAAAD7D82F40A79 /* CPASummit.m */; };
		B79C042D35B744F825F85941 /* GoogleService-Info.plist in Resources */ = {isa = PBXBuildFile; fileRef = B79C04472D5989530374B57A /* GoogleService-Info.plist */; };
/* End PBXBuildFile section */

/* Begin PBXContainerItemProxy section */
		4453ED2D1CF9EA2D0028C8E0 /* PBXContainerItemProxy */ = {
			isa = PBXContainerItemProxy;
			containerPortal = 4453ED0B1CF9EA2C0028C8E0 /* Project object */;
			proxyType = 1;
			remoteGlobalIDString = 4453ED121CF9EA2C0028C8E0;
			remoteInfo = CoolestProjects;
		};
/* End PBXContainerItemProxy section */

/* Begin PBXFileReference section */
		194788837311B5F45B6240AD /* Pods_CoolestProjects.framework */ = {isa = PBXFileReference; explicitFileType = wrapper.framework; includeInIndex = 0; path = Pods_CoolestProjects.framework; sourceTree = BUILT_PRODUCTS_DIR; };
		1BB508B9D65AD4A13FA74B39 /* Pods_CoolestProjectsTests.framework */ = {isa = PBXFileReference; explicitFileType = wrapper.framework; includeInIndex = 0; path = Pods_CoolestProjectsTests.framework; sourceTree = BUILT_PRODUCTS_DIR; };
		25318B151CFD792300691791 /* CPAFirebaseService.h */ = {isa = PBXFileReference; fileEncoding = 4; lastKnownFileType = sourcecode.c.h; path = CPAFirebaseService.h; sourceTree = "<group>"; };
		25318B161CFD794000691791 /* CPAFirebaseDefaultService.h */ = {isa = PBXFileReference; fileEncoding = 4; lastKnownFileType = sourcecode.c.h; path = CPAFirebaseDefaultService.h; sourceTree = "<group>"; };
		25318B171CFD794000691791 /* CPAFirebaseDefaultService.m */ = {isa = PBXFileReference; fileEncoding = 4; lastKnownFileType = sourcecode.c.objc; path = CPAFirebaseDefaultService.m; sourceTree = "<group>"; };
		25318B1A1CFD7EA700691791 /* CPAObject.h */ = {isa = PBXFileReference; fileEncoding = 4; lastKnownFileType = sourcecode.c.h; path = CPAObject.h; sourceTree = "<group>"; };
		25318B1B1CFD7EA700691791 /* CPAObject.m */ = {isa = PBXFileReference; fileEncoding = 4; lastKnownFileType = sourcecode.c.objc; path = CPAObject.m; sourceTree = "<group>"; };
		25318B1D1CFD7EBC00691791 /* CPASpeaker.h */ = {isa = PBXFileReference; fileEncoding = 4; lastKnownFileType = sourcecode.c.h; path = CPASpeaker.h; sourceTree = "<group>"; };
		25318B1E1CFD7EBC00691791 /* CPASpeaker.m */ = {isa = PBXFileReference; fileEncoding = 4; lastKnownFileType = sourcecode.c.objc; path = CPASpeaker.m; sourceTree = "<group>"; };
		25318B201CFD93D800691791 /* CPASponsorTier.h */ = {isa = PBXFileReference; fileEncoding = 4; lastKnownFileType = sourcecode.c.h; path = CPASponsorTier.h; sourceTree = "<group>"; };
		25318B211CFD93D800691791 /* CPASponsorTier.m */ = {isa = PBXFileReference; fileEncoding = 4; lastKnownFileType = sourcecode.c.objc; path = CPASponsorTier.m; sourceTree = "<group>"; };
		25318B241CFDE51800691791 /* CPAFirebaseStorage.h */ = {isa = PBXFileReference; lastKnownFileType = sourcecode.c.h; path = CPAFirebaseStorage.h; sourceTree = "<group>"; };
		440C94731D0599A700846321 /* Speakers.xcassets */ = {isa = PBXFileReference; lastKnownFileType = folder.assetcatalog; path = Speakers.xcassets; sourceTree = "<group>"; };
		4453ED131CF9EA2C0028C8E0 /* CoolestProjects.app */ = {isa = PBXFileReference; explicitFileType = wrapper.application; includeInIndex = 0; path = CoolestProjects.app; sourceTree = BUILT_PRODUCTS_DIR; };
		4453ED171CF9EA2C0028C8E0 /* main.m */ = {isa = PBXFileReference; lastKnownFileType = sourcecode.c.objc; path = main.m; sourceTree = "<group>"; };
		4453ED191CF9EA2C0028C8E0 /* AppDelegate.h */ = {isa = PBXFileReference; lastKnownFileType = sourcecode.c.h; path = AppDelegate.h; sourceTree = "<group>"; };
		4453ED1A1CF9EA2C0028C8E0 /* AppDelegate.m */ = {isa = PBXFileReference; lastKnownFileType = sourcecode.c.objc; path = AppDelegate.m; sourceTree = "<group>"; };
		4453ED1C1CF9EA2C0028C8E0 /* ViewController.h */ = {isa = PBXFileReference; lastKnownFileType = sourcecode.c.h; path = ViewController.h; sourceTree = "<group>"; };
		4453ED1D1CF9EA2C0028C8E0 /* ViewController.m */ = {isa = PBXFileReference; lastKnownFileType = sourcecode.c.objc; path = ViewController.m; sourceTree = "<group>"; };
		4453ED201CF9EA2C0028C8E0 /* Base */ = {isa = PBXFileReference; lastKnownFileType = file.storyboard; name = Base; path = Base.lproj/Main.storyboard; sourceTree = "<group>"; };
		4453ED221CF9EA2C0028C8E0 /* Assets.xcassets */ = {isa = PBXFileReference; lastKnownFileType = folder.assetcatalog; path = Assets.xcassets; sourceTree = "<group>"; };
		4453ED251CF9EA2C0028C8E0 /* Base */ = {isa = PBXFileReference; lastKnownFileType = file.storyboard; name = Base; path = Base.lproj/LaunchScreen.storyboard; sourceTree = "<group>"; };
		4453ED271CF9EA2C0028C8E0 /* Info.plist */ = {isa = PBXFileReference; lastKnownFileType = text.plist.xml; path = Info.plist; sourceTree = "<group>"; };
		4453ED2C1CF9EA2D0028C8E0 /* CoolestProjectsTests.xctest */ = {isa = PBXFileReference; explicitFileType = wrapper.cfbundle; includeInIndex = 0; path = CoolestProjectsTests.xctest; sourceTree = BUILT_PRODUCTS_DIR; };
		4453ED301CF9EA2D0028C8E0 /* CoolestProjectsTests.m */ = {isa = PBXFileReference; lastKnownFileType = sourcecode.c.objc; path = CoolestProjectsTests.m; sourceTree = "<group>"; };
		4453ED321CF9EA2D0028C8E0 /* Info.plist */ = {isa = PBXFileReference; lastKnownFileType = text.plist.xml; path = Info.plist; sourceTree = "<group>"; };
		4498BFDD1D04BCB80085A15C /* SpeakersViewController.swift */ = {isa = PBXFileReference; fileEncoding = 4; lastKnownFileType = sourcecode.swift; path = SpeakersViewController.swift; sourceTree = "<group>"; };
		4498BFDE1D04BCB80085A15C /* SpeakersViewController.xib */ = {isa = PBXFileReference; fileEncoding = 4; lastKnownFileType = file.xib; path = SpeakersViewController.xib; sourceTree = "<group>"; };
		4498BFE21D04BCD60085A15C /* SpeakersViewModel.swift */ = {isa = PBXFileReference; fileEncoding = 4; lastKnownFileType = sourcecode.swift; path = SpeakersViewModel.swift; sourceTree = "<group>"; };
		44E46FED1D04CA91003F779A /* SpeakerTableViewCell.swift */ = {isa = PBXFileReference; fileEncoding = 4; lastKnownFileType = sourcecode.swift; path = SpeakerTableViewCell.swift; sourceTree = "<group>"; };
		44E46FEE1D04CA91003F779A /* SpeakerTableViewCell.xib */ = {isa = PBXFileReference; fileEncoding = 4; lastKnownFileType = file.xib; path = SpeakerTableViewCell.xib; sourceTree = "<group>"; };
		4597A15428DCEA5BAE8EAE8B /* Pods-CoolestProjects.release.xcconfig */ = {isa = PBXFileReference; includeInIndex = 1; lastKnownFileType = text.xcconfig; name = "Pods-CoolestProjects.release.xcconfig"; path = "Pods/Target Support Files/Pods-CoolestProjects/Pods-CoolestProjects.release.xcconfig"; sourceTree = "<group>"; };
		49BF7892A648D3451D22C052 /* Pods-CoolestProjects.debug.xcconfig */ = {isa = PBXFileReference; includeInIndex = 1; lastKnownFileType = text.xcconfig; name = "Pods-CoolestProjects.debug.xcconfig"; path = "Pods/Target Support Files/Pods-CoolestProjects/Pods-CoolestProjects.debug.xcconfig"; sourceTree = "<group>"; };
		7A77BE0BE8745848AD692EC7 /* Pods-CoolestProjectsTests.debug.xcconfig */ = {isa = PBXFileReference; includeInIndex = 1; lastKnownFileType = text.xcconfig; name = "Pods-CoolestProjectsTests.debug.xcconfig"; path = "Pods/Target Support Files/Pods-CoolestProjectsTests/Pods-CoolestProjectsTests.debug.xcconfig"; sourceTree = "<group>"; };
		A90364931CFF9CD60089B351 /* HomeViewModel.swift */ = {isa = PBXFileReference; fileEncoding = 4; lastKnownFileType = sourcecode.swift; path = HomeViewModel.swift; sourceTree = "<group>"; };
		A91C078D1D00E3DC005271FE /* Boxes.swift */ = {isa = PBXFileReference; fileEncoding = 4; lastKnownFileType = sourcecode.swift; path = Boxes.swift; sourceTree = "<group>"; };
		A91C079A1D00EC3F005271FE /* HomeViewController.swift */ = {isa = PBXFileReference; fileEncoding = 4; lastKnownFileType = sourcecode.swift; name = HomeViewController.swift; path = HomeViewController/HomeViewController.swift; sourceTree = "<group>"; };
		A91C079B1D00EC3F005271FE /* HomeViewController.xib */ = {isa = PBXFileReference; fileEncoding = 4; lastKnownFileType = file.xib; name = HomeViewController.xib; path = HomeViewController/HomeViewController.xib; sourceTree = "<group>"; };
		A91C079E1D00EC85005271FE /* InfoBoxTableViewCell.swift */ = {isa = PBXFileReference; fileEncoding = 4; lastKnownFileType = sourcecode.swift; name = InfoBoxTableViewCell.swift; path = InfoBoxTableViewCell/InfoBoxTableViewCell.swift; sourceTree = "<group>"; };
		A91C07A21D00ECC0005271FE /* InfoBoxTableViewCell.xib */ = {isa = PBXFileReference; fileEncoding = 4; lastKnownFileType = file.xib; name = InfoBoxTableViewCell.xib; path = InfoBoxTableViewCell/InfoBoxTableViewCell.xib; sourceTree = "<group>"; };
		A91C07A51D0101C5005271FE /* Localizable.strings */ = {isa = PBXFileReference; fileEncoding = 4; lastKnownFileType = text.plist.strings; name = Localizable.strings; path = strings/Localizable.strings; sourceTree = "<group>"; };
		A91C07A71D0104D4005271FE /* Constants.swift */ = {isa = PBXFileReference; fileEncoding = 4; lastKnownFileType = sourcecode.swift; path = Constants.swift; sourceTree = "<group>"; };
		A946C7961D0316E500E19639 /* Configurable.swift */ = {isa = PBXFileReference; fileEncoding = 4; lastKnownFileType = sourcecode.swift; path = Configurable.swift; sourceTree = "<group>"; };
		A98010C31D04D4ED00AABC90 /* GenericDataSource.swift */ = {isa = PBXFileReference; fileEncoding = 4; lastKnownFileType = sourcecode.swift; path = GenericDataSource.swift; sourceTree = "<group>"; };
		A98010C71D0522E800AABC90 /* Stages.xcassets */ = {isa = PBXFileReference; lastKnownFileType = folder.assetcatalog; name = Stages.xcassets; path = images/Stages.xcassets; sourceTree = "<group>"; };
		A98010C91D0524A300AABC90 /* Stages.strings */ = {isa = PBXFileReference; fileEncoding = 4; lastKnownFileType = text.plist.strings; name = Stages.strings; path = strings/Stages.strings; sourceTree = "<group>"; };
		A98010D11D05259F00AABC90 /* StagesViewController.swift */ = {isa = PBXFileReference; fileEncoding = 4; lastKnownFileType = sourcecode.swift; name = StagesViewController.swift; path = Stages/StagesViewController/StagesViewController.swift; sourceTree = "<group>"; };
		A98010D21D05259F00AABC90 /* StagesViewController.xib */ = {isa = PBXFileReference; fileEncoding = 4; lastKnownFileType = file.xib; name = StagesViewController.xib; path = Stages/StagesViewController/StagesViewController.xib; sourceTree = "<group>"; };
		A98010D51D0525A800AABC90 /* StagesTableViewCell.swift */ = {isa = PBXFileReference; fileEncoding = 4; lastKnownFileType = sourcecode.swift; name = StagesTableViewCell.swift; path = Stages/StagesTableViewCell/StagesTableViewCell.swift; sourceTree = "<group>"; };
		A98010D61D0525A800AABC90 /* StagesTableViewCell.xib */ = {isa = PBXFileReference; fileEncoding = 4; lastKnownFileType = file.xib; name = StagesTableViewCell.xib; path = Stages/StagesTableViewCell/StagesTableViewCell.xib; sourceTree = "<group>"; };
		A9F8DB4D1D0331C100ECE1F3 /* Home.strings */ = {isa = PBXFileReference; fileEncoding = 4; lastKnownFileType = text.plist.strings; name = Home.strings; path = strings/Home.strings; sourceTree = "<group>"; };
		A9F8DB501D03332700ECE1F3 /* Home.xcassets */ = {isa = PBXFileReference; lastKnownFileType = folder.assetcatalog; name = Home.xcassets; path = images/Home.xcassets; sourceTree = "<group>"; };
		A9F8DB591D03387700ECE1F3 /* HomeTableHeaderView.xib */ = {isa = PBXFileReference; fileEncoding = 4; lastKnownFileType = file.xib; name = HomeTableHeaderView.xib; path = HomeTableHeaderView/HomeTableHeaderView.xib; sourceTree = "<group>"; };
		A9F8DB5B1D03389800ECE1F3 /* HomeTableHeaderView.swift */ = {isa = PBXFileReference; fileEncoding = 4; lastKnownFileType = sourcecode.swift; name = HomeTableHeaderView.swift; path = HomeTableHeaderView/HomeTableHeaderView.swift; sourceTree = "<group>"; };
		A9F8DB611D03623B00ECE1F3 /* SponsorBoxTableViewCell.swift */ = {isa = PBXFileReference; fileEncoding = 4; lastKnownFileType = sourcecode.swift; name = SponsorBoxTableViewCell.swift; path = SponsorBoxTableViewCell/SponsorBoxTableViewCell.swift; sourceTree = "<group>"; };
		A9F8DB621D03623B00ECE1F3 /* SponsorBoxTableViewCell.xib */ = {isa = PBXFileReference; fileEncoding = 4; lastKnownFileType = file.xib; name = SponsorBoxTableViewCell.xib; path = SponsorBoxTableViewCell/SponsorBoxTableViewCell.xib; sourceTree = "<group>"; };
		A9F8DB661D03716D00ECE1F3 /* HomeTableFooterView.xib */ = {isa = PBXFileReference; fileEncoding = 4; lastKnownFileType = file.xib; name = HomeTableFooterView.xib; path = HomeTableFooterView/HomeTableFooterView.xib; sourceTree = "<group>"; };
		A9F8DB681D0373B300ECE1F3 /* NibLoadable.swift */ = {isa = PBXFileReference; fileEncoding = 4; lastKnownFileType = sourcecode.swift; path = NibLoadable.swift; sourceTree = "<group>"; };
		A9F8DB6A1D0376BA00ECE1F3 /* HomeTableFooterView.swift */ = {isa = PBXFileReference; fileEncoding = 4; lastKnownFileType = sourcecode.swift; name = HomeTableFooterView.swift; path = HomeTableFooterView/HomeTableFooterView.swift; sourceTree = "<group>"; };
		AF3EA0E8EA5C1F40CE3BC099 /* CPASponsor.h */ = {isa = PBXFileReference; fileEncoding = 4; lastKnownFileType = sourcecode.c.h; path = CPASponsor.h; sourceTree = "<group>"; };
		AF3EA3259F06D552FF5EBBCD /* CPASummit.h */ = {isa = PBXFileReference; fileEncoding = 4; lastKnownFileType = sourcecode.c.h; path = CPASummit.h; sourceTree = "<group>"; };
		AF3EA519C673E3A958BF8F77 /* CPASponsor.m */ = {isa = PBXFileReference; fileEncoding = 4; lastKnownFileType = sourcecode.c.objc; path = CPASponsor.m; sourceTree = "<group>"; };
		AF3EA7858BAAAD7D82F40A79 /* CPASummit.m */ = {isa = PBXFileReference; fileEncoding = 4; lastKnownFileType = sourcecode.c.objc; path = CPASummit.m; sourceTree = "<group>"; };
		B79C00AFD0642BD176EED0D2 /* CoolestProjects-Bridging-Header.h */ = {isa = PBXFileReference; fileEncoding = 4; lastKnownFileType = sourcecode.c.h; path = "CoolestProjects-Bridging-Header.h"; sourceTree = "<group>"; };
		B79C04472D5989530374B57A /* GoogleService-Info.plist */ = {isa = PBXFileReference; fileEncoding = 4; lastKnownFileType = text.plist.info; path = "GoogleService-Info.plist"; sourceTree = "<group>"; };
		B79C045F341C1FEA00B4A605 /* OpenSans-Regular.ttf */ = {isa = PBXFileReference; lastKnownFileType = file.ttf; path = "OpenSans-Regular.ttf"; sourceTree = "<group>"; };
		B79C051731B8A634DF461065 /* OpenSans-Light.ttf */ = {isa = PBXFileReference; lastKnownFileType = file.ttf; path = "OpenSans-Light.ttf"; sourceTree = "<group>"; };
		B79C05458A577A69B366BA10 /* OpenSans-Semibold.ttf */ = {isa = PBXFileReference; lastKnownFileType = file.ttf; path = "OpenSans-Semibold.ttf"; sourceTree = "<group>"; };
		F4C963232B4882A7A78E90F5 /* Pods-CoolestProjectsTests.release.xcconfig */ = {isa = PBXFileReference; includeInIndex = 1; lastKnownFileType = text.xcconfig; name = "Pods-CoolestProjectsTests.release.xcconfig"; path = "Pods/Target Support Files/Pods-CoolestProjectsTests/Pods-CoolestProjectsTests.release.xcconfig"; sourceTree = "<group>"; };
/* End PBXFileReference section */

/* Begin PBXFrameworksBuildPhase section */
		4453ED101CF9EA2C0028C8E0 /* Frameworks */ = {
			isa = PBXFrameworksBuildPhase;
			buildActionMask = 2147483647;
			files = (
				3A02C858EBAB3C0EB32DEEC3 /* Pods_CoolestProjects.framework in Frameworks */,
			);
			runOnlyForDeploymentPostprocessing = 0;
		};
		4453ED291CF9EA2D0028C8E0 /* Frameworks */ = {
			isa = PBXFrameworksBuildPhase;
			buildActionMask = 2147483647;
			files = (
				134565DF1F7980FF191C5DD6 /* Pods_CoolestProjectsTests.framework in Frameworks */,
			);
			runOnlyForDeploymentPostprocessing = 0;
		};
/* End PBXFrameworksBuildPhase section */

/* Begin PBXGroup section */
		25318B141CFD761600691791 /* Services */ = {
			isa = PBXGroup;
			children = (
				25318B191CFD7E8700691791 /* Models */,
				25318B151CFD792300691791 /* CPAFirebaseService.h */,
				25318B161CFD794000691791 /* CPAFirebaseDefaultService.h */,
				25318B171CFD794000691791 /* CPAFirebaseDefaultService.m */,
				25318B241CFDE51800691791 /* CPAFirebaseStorage.h */,
			);
			path = Services;
			sourceTree = SOURCE_ROOT;
		};
		25318B191CFD7E8700691791 /* Models */ = {
			isa = PBXGroup;
			children = (
				25318B1A1CFD7EA700691791 /* CPAObject.h */,
				25318B1B1CFD7EA700691791 /* CPAObject.m */,
				25318B1D1CFD7EBC00691791 /* CPASpeaker.h */,
				25318B1E1CFD7EBC00691791 /* CPASpeaker.m */,
				AF3EA7858BAAAD7D82F40A79 /* CPASummit.m */,
				AF3EA3259F06D552FF5EBBCD /* CPASummit.h */,
				AF3EA519C673E3A958BF8F77 /* CPASponsor.m */,
				AF3EA0E8EA5C1F40CE3BC099 /* CPASponsor.h */,
				25318B201CFD93D800691791 /* CPASponsorTier.h */,
				25318B211CFD93D800691791 /* CPASponsorTier.m */,
			);
			path = Models;
			sourceTree = "<group>";
		};
		3AD7F2D99627191D90A5E791 /* Pods */ = {
			isa = PBXGroup;
			children = (
				49BF7892A648D3451D22C052 /* Pods-CoolestProjects.debug.xcconfig */,
				4597A15428DCEA5BAE8EAE8B /* Pods-CoolestProjects.release.xcconfig */,
				7A77BE0BE8745848AD692EC7 /* Pods-CoolestProjectsTests.debug.xcconfig */,
				F4C963232B4882A7A78E90F5 /* Pods-CoolestProjectsTests.release.xcconfig */,
			);
			name = Pods;
			sourceTree = "<group>";
		};
		4427A7EC1D04BA48009DA978 /* Speakers */ = {
			isa = PBXGroup;
			children = (
				4498BFDB1D04BCB80085A15C /* View */,
				4498BFDF1D04BCB80085A15C /* ViewModel */,
			);
			path = Speakers;
			sourceTree = "<group>";
		};
		4453ED0A1CF9EA2C0028C8E0 = {
			isa = PBXGroup;
			children = (
				4453ED151CF9EA2C0028C8E0 /* CoolestProjects */,
				4453ED2F1CF9EA2D0028C8E0 /* CoolestProjectsTests */,
				4453ED141CF9EA2C0028C8E0 /* Products */,
				3AD7F2D99627191D90A5E791 /* Pods */,
				A8B1DA2B3A2CA95451BA172C /* Frameworks */,
			);
			sourceTree = "<group>";
		};
		4453ED141CF9EA2C0028C8E0 /* Products */ = {
			isa = PBXGroup;
			children = (
				4453ED131CF9EA2C0028C8E0 /* CoolestProjects.app */,
				4453ED2C1CF9EA2D0028C8E0 /* CoolestProjectsTests.xctest */,
			);
			name = Products;
			sourceTree = "<group>";
		};
		4453ED151CF9EA2C0028C8E0 /* CoolestProjects */ = {
			isa = PBXGroup;
			children = (
				A99EEACC1D04385100114584 /* Stages */,
				25318B141CFD761600691791 /* Services */,
				4453ED191CF9EA2C0028C8E0 /* AppDelegate.h */,
				4453ED1A1CF9EA2C0028C8E0 /* AppDelegate.m */,
				4453ED1C1CF9EA2C0028C8E0 /* ViewController.h */,
				4453ED1D1CF9EA2C0028C8E0 /* ViewController.m */,
				4453ED1F1CF9EA2C0028C8E0 /* Main.storyboard */,
				4453ED221CF9EA2C0028C8E0 /* Assets.xcassets */,
				4453ED241CF9EA2C0028C8E0 /* LaunchScreen.storyboard */,
				4453ED271CF9EA2C0028C8E0 /* Info.plist */,
				4453ED161CF9EA2C0028C8E0 /* Supporting Files */,
				B79C03B5FE2A16B6A9CE193E /* Home */,
				4427A7EC1D04BA48009DA978 /* Speakers */,
				B79C00AFD0642BD176EED0D2 /* CoolestProjects-Bridging-Header.h */,
				B79C06CAAF8371590D2837AC /* Resources */,
				A91C07A71D0104D4005271FE /* Constants.swift */,
				A946C7961D0316E500E19639 /* Configurable.swift */,
				A9F8DB681D0373B300ECE1F3 /* NibLoadable.swift */,
				A98010C31D04D4ED00AABC90 /* GenericDataSource.swift */,
			);
			path = CoolestProjects;
			sourceTree = "<group>";
		};
		4453ED161CF9EA2C0028C8E0 /* Supporting Files */ = {
			isa = PBXGroup;
			children = (
				4453ED171CF9EA2C0028C8E0 /* main.m */,
			);
			name = "Supporting Files";
			sourceTree = "<group>";
		};
		4453ED2F1CF9EA2D0028C8E0 /* CoolestProjectsTests */ = {
			isa = PBXGroup;
			children = (
				4453ED301CF9EA2D0028C8E0 /* CoolestProjectsTests.m */,
				4453ED321CF9EA2D0028C8E0 /* Info.plist */,
			);
			path = CoolestProjectsTests;
			sourceTree = "<group>";
		};
		4498BFDB1D04BCB80085A15C /* View */ = {
			isa = PBXGroup;
			children = (
				44E46FE81D04CA54003F779A /* SpeakerTableViewCell */,
				4498BFDC1D04BCB80085A15C /* SpekersViewController */,
			);
			path = View;
			sourceTree = "<group>";
		};
		4498BFDC1D04BCB80085A15C /* SpekersViewController */ = {
			isa = PBXGroup;
			children = (
				4498BFDD1D04BCB80085A15C /* SpeakersViewController.swift */,
				4498BFDE1D04BCB80085A15C /* SpeakersViewController.xib */,
			);
			path = SpekersViewController;
			sourceTree = "<group>";
		};
		4498BFDF1D04BCB80085A15C /* ViewModel */ = {
			isa = PBXGroup;
			children = (
				4498BFE21D04BCD60085A15C /* SpeakersViewModel.swift */,
			);
			path = ViewModel;
			sourceTree = "<group>";
		};
		44E46FE81D04CA54003F779A /* SpeakerTableViewCell */ = {
			isa = PBXGroup;
			children = (
				44E46FED1D04CA91003F779A /* SpeakerTableViewCell.swift */,
				44E46FEE1D04CA91003F779A /* SpeakerTableViewCell.xib */,
			);
			path = SpeakerTableViewCell;
			sourceTree = "<group>";
		};
		A8B1DA2B3A2CA95451BA172C /* Frameworks */ = {
			isa = PBXGroup;
			children = (
				194788837311B5F45B6240AD /* Pods_CoolestProjects.framework */,
				1BB508B9D65AD4A13FA74B39 /* Pods_CoolestProjectsTests.framework */,
			);
			name = Frameworks;
			sourceTree = "<group>";
		};
		A91C07981D00EB9B005271FE /* InfoBoxTableViewCell */ = {
			isa = PBXGroup;
			children = (
				A91C07A21D00ECC0005271FE /* InfoBoxTableViewCell.xib */,
				A91C079E1D00EC85005271FE /* InfoBoxTableViewCell.swift */,
			);
			name = InfoBoxTableViewCell;
			sourceTree = "<group>";
		};
		A91C07991D00EBD9005271FE /* HomeViewController */ = {
			isa = PBXGroup;
			children = (
				A91C079A1D00EC3F005271FE /* HomeViewController.swift */,
				A91C079B1D00EC3F005271FE /* HomeViewController.xib */,
			);
			name = HomeViewController;
			sourceTree = "<group>";
		};
		A91C07A41D01016C005271FE /* strings */ = {
			isa = PBXGroup;
			children = (
				A91C07A51D0101C5005271FE /* Localizable.strings */,
				A9F8DB4D1D0331C100ECE1F3 /* Home.strings */,
				A98010C91D0524A300AABC90 /* Stages.strings */,
			);
			name = strings;
			sourceTree = "<group>";
		};
		A98010CF1D05258A00AABC90 /* StagesTableViewCell */ = {
			isa = PBXGroup;
			children = (
				A98010D51D0525A800AABC90 /* StagesTableViewCell.swift */,
				A98010D61D0525A800AABC90 /* StagesTableViewCell.xib */,
			);
			name = StagesTableViewCell;
			sourceTree = "<group>";
		};
		A98010D01D05259300AABC90 /* StagesViewController */ = {
			isa = PBXGroup;
			children = (
				A98010D11D05259F00AABC90 /* StagesViewController.swift */,
				A98010D21D05259F00AABC90 /* StagesViewController.xib */,
			);
			name = StagesViewController;
			sourceTree = "<group>";
		};
		A99EEACC1D04385100114584 /* Stages */ = {
			isa = PBXGroup;
			children = (
				A98010D01D05259300AABC90 /* StagesViewController */,
				A98010CF1D05258A00AABC90 /* StagesTableViewCell */,
			);
			name = Stages;
			sourceTree = "<group>";
		};
		A9F8DB4F1D03328B00ECE1F3 /* images */ = {
			isa = PBXGroup;
			children = (
				A9F8DB501D03332700ECE1F3 /* Home.xcassets */,
				A98010C71D0522E800AABC90 /* Stages.xcassets */,
				440C94731D0599A700846321 /* Speakers.xcassets */,
			);
			name = images;
			sourceTree = "<group>";
		};
		A9F8DB521D03364600ECE1F3 /* SponsorBoxTableViewCell */ = {
			isa = PBXGroup;
			children = (
				A9F8DB611D03623B00ECE1F3 /* SponsorBoxTableViewCell.swift */,
				A9F8DB621D03623B00ECE1F3 /* SponsorBoxTableViewCell.xib */,
			);
			name = SponsorBoxTableViewCell;
			sourceTree = "<group>";
		};
		A9F8DB581D03383900ECE1F3 /* HomeTableHeaderView */ = {
			isa = PBXGroup;
			children = (
				A9F8DB591D03387700ECE1F3 /* HomeTableHeaderView.xib */,
				A9F8DB5B1D03389800ECE1F3 /* HomeTableHeaderView.swift */,
			);
			name = HomeTableHeaderView;
			sourceTree = "<group>";
		};
		A9F8DB651D03713800ECE1F3 /* HomeTableFooterView */ = {
			isa = PBXGroup;
			children = (
				A9F8DB661D03716D00ECE1F3 /* HomeTableFooterView.xib */,
				A9F8DB6A1D0376BA00ECE1F3 /* HomeTableFooterView.swift */,
			);
			name = HomeTableFooterView;
			sourceTree = "<group>";
		};
		B79C002122720CC5142255F4 /* fonts */ = {
			isa = PBXGroup;
			children = (
				B79C051731B8A634DF461065 /* OpenSans-Light.ttf */,
				B79C045F341C1FEA00B4A605 /* OpenSans-Regular.ttf */,
				B79C05458A577A69B366BA10 /* OpenSans-Semibold.ttf */,
			);
			path = fonts;
			sourceTree = "<group>";
		};
		B79C029E25CB434681E0A8AE /* ViewModel */ = {
			isa = PBXGroup;
			children = (
				A90364931CFF9CD60089B351 /* HomeViewModel.swift */,
				A91C078D1D00E3DC005271FE /* Boxes.swift */,
			);
			path = ViewModel;
			sourceTree = "<group>";
		};
		B79C03B5FE2A16B6A9CE193E /* Home */ = {
			isa = PBXGroup;
			children = (
				B79C029E25CB434681E0A8AE /* ViewModel */,
				B79C0E7ADCAC346D03AE0A36 /* View */,
			);
			path = Home;
			sourceTree = "<group>";
		};
		B79C06CAAF8371590D2837AC /* Resources */ = {
			isa = PBXGroup;
			children = (
				A9F8DB4F1D03328B00ECE1F3 /* images */,
				A91C07A41D01016C005271FE /* strings */,
				B79C002122720CC5142255F4 /* fonts */,
				B79C04472D5989530374B57A /* GoogleService-Info.plist */,
			);
			path = Resources;
			sourceTree = "<group>";
		};
		B79C0E7ADCAC346D03AE0A36 /* View */ = {
			isa = PBXGroup;
			children = (
				A9F8DB651D03713800ECE1F3 /* HomeTableFooterView */,
				A9F8DB581D03383900ECE1F3 /* HomeTableHeaderView */,
				A9F8DB521D03364600ECE1F3 /* SponsorBoxTableViewCell */,
				A91C07991D00EBD9005271FE /* HomeViewController */,
				A91C07981D00EB9B005271FE /* InfoBoxTableViewCell */,
			);
			path = View;
			sourceTree = "<group>";
		};
/* End PBXGroup section */

/* Begin PBXNativeTarget section */
		4453ED121CF9EA2C0028C8E0 /* CoolestProjects */ = {
			isa = PBXNativeTarget;
			buildConfigurationList = 4453ED351CF9EA2D0028C8E0 /* Build configuration list for PBXNativeTarget "CoolestProjects" */;
			buildPhases = (
				E4D787B961E01AF33B5F8A3A /* [CP] Check Pods Manifest.lock */,
				4453ED0F1CF9EA2C0028C8E0 /* Sources */,
				4453ED101CF9EA2C0028C8E0 /* Frameworks */,
				4453ED111CF9EA2C0028C8E0 /* Resources */,
				CEB17D45DF693F1A59D8AAE4 /* [CP] Embed Pods Frameworks */,
				0E4D04B28FC2BFA3F14A7D3C /* [CP] Copy Pods Resources */,
			);
			buildRules = (
			);
			dependencies = (
			);
			name = CoolestProjects;
			productName = CoolestProjects;
			productReference = 4453ED131CF9EA2C0028C8E0 /* CoolestProjects.app */;
			productType = "com.apple.product-type.application";
		};
		4453ED2B1CF9EA2D0028C8E0 /* CoolestProjectsTests */ = {
			isa = PBXNativeTarget;
			buildConfigurationList = 4453ED381CF9EA2D0028C8E0 /* Build configuration list for PBXNativeTarget "CoolestProjectsTests" */;
			buildPhases = (
				160AB407CAA269FD421DD61C /* [CP] Check Pods Manifest.lock */,
				ACE048CF644BF513BE4E6872 /* uD83DuDCE6 Check Pods Manifest.lock */,
				18050F10C4DA82FF9FDB459E /* uD83DuDCE6 Check Pods Manifest.lock */,
				80E06D4ACCAB69A3AD318794 /* uD83DuDCE6 Check Pods Manifest.lock */,
				4453ED281CF9EA2D0028C8E0 /* Sources */,
				4453ED291CF9EA2D0028C8E0 /* Frameworks */,
				4453ED2A1CF9EA2D0028C8E0 /* Resources */,
				66FA332F4A062CCC57519A04 /* [CP] Embed Pods Frameworks */,
				AFF598F50A5026CD065570B5 /* [CP] Copy Pods Resources */,
				3A8176BAAD9207FA0BAC99C0 /* uD83DuDCE6 Embed Pods Frameworks */,
				42FE7F25A833845C1DA3A8C5 /* uD83DuDCE6 Copy Pods Resources */,
				67433B29847EB642388DBC47 /* uD83DuDCE6 Embed Pods Frameworks */,
				6CF99486EF2CC660E4F70C57 /* uD83DuDCE6 Copy Pods Resources */,
				2AFB86E3AD56DC97381FCC66 /* 📦 Embed Pods Frameworks */,
				0F976864D9D1F149256CBC8C /* 📦 Copy Pods Resources */,
			);
			buildRules = (
			);
			dependencies = (
				4453ED2E1CF9EA2D0028C8E0 /* PBXTargetDependency */,
			);
			name = CoolestProjectsTests;
			productName = CoolestProjectsTests;
			productReference = 4453ED2C1CF9EA2D0028C8E0 /* CoolestProjectsTests.xctest */;
			productType = "com.apple.product-type.bundle.unit-test";
		};
/* End PBXNativeTarget section */

/* Begin PBXProject section */
		4453ED0B1CF9EA2C0028C8E0 /* Project object */ = {
			isa = PBXProject;
			attributes = {
				CLASSPREFIX = CPA;
				LastUpgradeCheck = 0730;
				ORGANIZATIONNAME = coderdojo;
				TargetAttributes = {
					4453ED121CF9EA2C0028C8E0 = {
						CreatedOnToolsVersion = 7.3;
					};
					4453ED2B1CF9EA2D0028C8E0 = {
						CreatedOnToolsVersion = 7.3;
						TestTargetID = 4453ED121CF9EA2C0028C8E0;
					};
				};
			};
			buildConfigurationList = 4453ED0E1CF9EA2C0028C8E0 /* Build configuration list for PBXProject "CoolestProjects" */;
			compatibilityVersion = "Xcode 3.2";
			developmentRegion = English;
			hasScannedForEncodings = 0;
			knownRegions = (
				en,
				Base,
			);
			mainGroup = 4453ED0A1CF9EA2C0028C8E0;
			productRefGroup = 4453ED141CF9EA2C0028C8E0 /* Products */;
			projectDirPath = "";
			projectRoot = "";
			targets = (
				4453ED121CF9EA2C0028C8E0 /* CoolestProjects */,
				4453ED2B1CF9EA2D0028C8E0 /* CoolestProjectsTests */,
			);
		};
/* End PBXProject section */

/* Begin PBXResourcesBuildPhase section */
		4453ED111CF9EA2C0028C8E0 /* Resources */ = {
			isa = PBXResourcesBuildPhase;
			buildActionMask = 2147483647;
			files = (
				4453ED261CF9EA2C0028C8E0 /* LaunchScreen.storyboard in Resources */,
				A98010CA1D0524A300AABC90 /* Stages.strings in Resources */,
				A98010D81D0525A800AABC90 /* StagesTableViewCell.xib in Resources */,
				4453ED231CF9EA2C0028C8E0 /* Assets.xcassets in Resources */,
				A9F8DB511D03332700ECE1F3 /* Home.xcassets in Resources */,
				4453ED211CF9EA2C0028C8E0 /* Main.storyboard in Resources */,
				A98010D41D05259F00AABC90 /* StagesViewController.xib in Resources */,
				A9F8DB641D03623B00ECE1F3 /* SponsorBoxTableViewCell.xib in Resources */,
				A91C07911D00EA54005271FE /* OpenSans-Light.ttf in Resources */,
				A91C07921D00EA54005271FE /* OpenSans-Regular.ttf in Resources */,
				A91C07A61D0101C5005271FE /* Localizable.strings in Resources */,
				4498BFE11D04BCB80085A15C /* SpeakersViewController.xib in Resources */,
				A9F8DB4E1D0331C100ECE1F3 /* Home.strings in Resources */,
				A91C07A31D00ECC0005271FE /* InfoBoxTableViewCell.xib in Resources */,
				A91C07931D00EA54005271FE /* OpenSans-Semibold.ttf in Resources */,
				B79C042D35B744F825F85941 /* GoogleService-Info.plist in Resources */,
				A9F8DB5A1D03387700ECE1F3 /* HomeTableHeaderView.xib in Resources */,
				A91C079D1D00EC3F005271FE /* HomeViewController.xib in Resources */,
				A98010C81D0522E800AABC90 /* Stages.xcassets in Resources */,
				440C94741D0599A700846321 /* Speakers.xcassets in Resources */,
				A9F8DB671D03716D00ECE1F3 /* HomeTableFooterView.xib in Resources */,
				44E46FF01D04CA91003F779A /* SpeakerTableViewCell.xib in Resources */,
			);
			runOnlyForDeploymentPostprocessing = 0;
		};
		4453ED2A1CF9EA2D0028C8E0 /* Resources */ = {
			isa = PBXResourcesBuildPhase;
			buildActionMask = 2147483647;
			files = (
			);
			runOnlyForDeploymentPostprocessing = 0;
		};
/* End PBXResourcesBuildPhase section */

/* Begin PBXShellScriptBuildPhase section */
		0E4D04B28FC2BFA3F14A7D3C /* [CP] Copy Pods Resources */ = {
			isa = PBXShellScriptBuildPhase;
			buildActionMask = 2147483647;
			files = (
			);
			inputPaths = (
			);
			name = "[CP] Copy Pods Resources";
			outputPaths = (
			);
			runOnlyForDeploymentPostprocessing = 0;
			shellPath = /bin/sh;
			shellScript = "\"${SRCROOT}/Pods/Target Support Files/Pods-CoolestProjects/Pods-CoolestProjects-resources.sh\"\n";
			showEnvVarsInLog = 0;
		};
		0F976864D9D1F149256CBC8C /* 📦 Copy Pods Resources */ = {
			isa = PBXShellScriptBuildPhase;
			buildActionMask = 2147483647;
			files = (
			);
			inputPaths = (
			);
			name = "📦 Copy Pods Resources";
			outputPaths = (
			);
			runOnlyForDeploymentPostprocessing = 0;
			shellPath = /bin/sh;
			shellScript = "\"${SRCROOT}/Pods/Target Support Files/Pods-CoolestProjectsTests/Pods-CoolestProjectsTests-resources.sh\"\n";
			showEnvVarsInLog = 0;
		};
		160AB407CAA269FD421DD61C /* [CP] Check Pods Manifest.lock */ = {
			isa = PBXShellScriptBuildPhase;
			buildActionMask = 2147483647;
			files = (
			);
			inputPaths = (
			);
			name = "[CP] Check Pods Manifest.lock";
			outputPaths = (
			);
			runOnlyForDeploymentPostprocessing = 0;
			shellPath = /bin/sh;
			shellScript = "diff \"${PODS_ROOT}/../Podfile.lock\" \"${PODS_ROOT}/Manifest.lock\" > /dev/null\nif [[ $? != 0 ]] ; then\n    cat << EOM\nerror: The sandbox is not in sync with the Podfile.lock. Run 'pod install' or update your CocoaPods installation.\nEOM\n    exit 1\nfi\n";
			showEnvVarsInLog = 0;
		};
		18050F10C4DA82FF9FDB459E /* uD83DuDCE6 Check Pods Manifest.lock */ = {
			isa = PBXShellScriptBuildPhase;
			buildActionMask = 2147483647;
			files = (
			);
			inputPaths = (
			);
			name = "uD83DuDCE6 Check Pods Manifest.lock";
			outputPaths = (
			);
			runOnlyForDeploymentPostprocessing = 0;
			shellPath = /bin/sh;
			shellScript = "diff \"${PODS_ROOT}/../Podfile.lock\" \"${PODS_ROOT}/Manifest.lock\" > /dev/null\nif [[ $? != 0 ]] ; then\n    cat << EOM\nerror: The sandbox is not in sync with the Podfile.lock. Run 'pod install' or update your CocoaPods installation.\nEOM\n    exit 1\nfi\n";
			showEnvVarsInLog = 0;
		};
		2AFB86E3AD56DC97381FCC66 /* 📦 Embed Pods Frameworks */ = {
			isa = PBXShellScriptBuildPhase;
			buildActionMask = 2147483647;
			files = (
			);
			inputPaths = (
			);
			name = "📦 Embed Pods Frameworks";
			outputPaths = (
			);
			runOnlyForDeploymentPostprocessing = 0;
			shellPath = /bin/sh;
			shellScript = "\"${SRCROOT}/Pods/Target Support Files/Pods-CoolestProjectsTests/Pods-CoolestProjectsTests-frameworks.sh\"\n";
			showEnvVarsInLog = 0;
		};
		3A8176BAAD9207FA0BAC99C0 /* uD83DuDCE6 Embed Pods Frameworks */ = {
			isa = PBXShellScriptBuildPhase;
			buildActionMask = 2147483647;
			files = (
			);
			inputPaths = (
			);
			name = "uD83DuDCE6 Embed Pods Frameworks";
			outputPaths = (
			);
			runOnlyForDeploymentPostprocessing = 0;
			shellPath = /bin/sh;
			shellScript = "\"${SRCROOT}/Pods/Target Support Files/Pods-CoolestProjectsTests/Pods-CoolestProjectsTests-frameworks.sh\"\n";
			showEnvVarsInLog = 0;
		};
		42FE7F25A833845C1DA3A8C5 /* uD83DuDCE6 Copy Pods Resources */ = {
			isa = PBXShellScriptBuildPhase;
			buildActionMask = 2147483647;
			files = (
			);
			inputPaths = (
			);
			name = "uD83DuDCE6 Copy Pods Resources";
			outputPaths = (
			);
			runOnlyForDeploymentPostprocessing = 0;
			shellPath = /bin/sh;
			shellScript = "\"${SRCROOT}/Pods/Target Support Files/Pods-CoolestProjectsTests/Pods-CoolestProjectsTests-resources.sh\"\n";
			showEnvVarsInLog = 0;
		};
		66FA332F4A062CCC57519A04 /* [CP] Embed Pods Frameworks */ = {
			isa = PBXShellScriptBuildPhase;
			buildActionMask = 2147483647;
			files = (
			);
			inputPaths = (
			);
			name = "[CP] Embed Pods Frameworks";
			outputPaths = (
			);
			runOnlyForDeploymentPostprocessing = 0;
			shellPath = /bin/sh;
			shellScript = "\"${SRCROOT}/Pods/Target Support Files/Pods-CoolestProjectsTests/Pods-CoolestProjectsTests-frameworks.sh\"\n";
			showEnvVarsInLog = 0;
		};
		67433B29847EB642388DBC47 /* uD83DuDCE6 Embed Pods Frameworks */ = {
			isa = PBXShellScriptBuildPhase;
			buildActionMask = 2147483647;
			files = (
			);
			inputPaths = (
			);
			name = "uD83DuDCE6 Embed Pods Frameworks";
			outputPaths = (
			);
			runOnlyForDeploymentPostprocessing = 0;
			shellPath = /bin/sh;
			shellScript = "\"${SRCROOT}/Pods/Target Support Files/Pods-CoolestProjectsTests/Pods-CoolestProjectsTests-frameworks.sh\"\n";
			showEnvVarsInLog = 0;
		};
		6CF99486EF2CC660E4F70C57 /* uD83DuDCE6 Copy Pods Resources */ = {
			isa = PBXShellScriptBuildPhase;
			buildActionMask = 2147483647;
			files = (
			);
			inputPaths = (
			);
			name = "uD83DuDCE6 Copy Pods Resources";
			outputPaths = (
			);
			runOnlyForDeploymentPostprocessing = 0;
			shellPath = /bin/sh;
			shellScript = "\"${SRCROOT}/Pods/Target Support Files/Pods-CoolestProjectsTests/Pods-CoolestProjectsTests-resources.sh\"\n";
			showEnvVarsInLog = 0;
		};
		80E06D4ACCAB69A3AD318794 /* uD83DuDCE6 Check Pods Manifest.lock */ = {
			isa = PBXShellScriptBuildPhase;
			buildActionMask = 2147483647;
			files = (
			);
			inputPaths = (
			);
			name = "uD83DuDCE6 Check Pods Manifest.lock";
			outputPaths = (
			);
			runOnlyForDeploymentPostprocessing = 0;
			shellPath = /bin/sh;
			shellScript = "diff \"${PODS_ROOT}/../Podfile.lock\" \"${PODS_ROOT}/Manifest.lock\" > /dev/null\nif [[ $? != 0 ]] ; then\n    cat << EOM\nerror: The sandbox is not in sync with the Podfile.lock. Run 'pod install' or update your CocoaPods installation.\nEOM\n    exit 1\nfi\n";
			showEnvVarsInLog = 0;
		};
		ACE048CF644BF513BE4E6872 /* uD83DuDCE6 Check Pods Manifest.lock */ = {
			isa = PBXShellScriptBuildPhase;
			buildActionMask = 2147483647;
			files = (
			);
			inputPaths = (
			);
			name = "uD83DuDCE6 Check Pods Manifest.lock";
			outputPaths = (
			);
			runOnlyForDeploymentPostprocessing = 0;
			shellPath = /bin/sh;
			shellScript = "diff \"${PODS_ROOT}/../Podfile.lock\" \"${PODS_ROOT}/Manifest.lock\" > /dev/null\nif [[ $? != 0 ]] ; then\n    cat << EOM\nerror: The sandbox is not in sync with the Podfile.lock. Run 'pod install' or update your CocoaPods installation.\nEOM\n    exit 1\nfi\n";
			showEnvVarsInLog = 0;
		};
		AFF598F50A5026CD065570B5 /* [CP] Copy Pods Resources */ = {
			isa = PBXShellScriptBuildPhase;
			buildActionMask = 2147483647;
			files = (
			);
			inputPaths = (
			);
			name = "[CP] Copy Pods Resources";
			outputPaths = (
			);
			runOnlyForDeploymentPostprocessing = 0;
			shellPath = /bin/sh;
			shellScript = "\"${SRCROOT}/Pods/Target Support Files/Pods-CoolestProjectsTests/Pods-CoolestProjectsTests-resources.sh\"\n";
			showEnvVarsInLog = 0;
		};
		CEB17D45DF693F1A59D8AAE4 /* [CP] Embed Pods Frameworks */ = {
			isa = PBXShellScriptBuildPhase;
			buildActionMask = 2147483647;
			files = (
			);
			inputPaths = (
			);
			name = "[CP] Embed Pods Frameworks";
			outputPaths = (
			);
			runOnlyForDeploymentPostprocessing = 0;
			shellPath = /bin/sh;
			shellScript = "\"${SRCROOT}/Pods/Target Support Files/Pods-CoolestProjects/Pods-CoolestProjects-frameworks.sh\"\n";
			showEnvVarsInLog = 0;
		};
		E4D787B961E01AF33B5F8A3A /* [CP] Check Pods Manifest.lock */ = {
			isa = PBXShellScriptBuildPhase;
			buildActionMask = 2147483647;
			files = (
			);
			inputPaths = (
			);
			name = "[CP] Check Pods Manifest.lock";
			outputPaths = (
			);
			runOnlyForDeploymentPostprocessing = 0;
			shellPath = /bin/sh;
			shellScript = "diff \"${PODS_ROOT}/../Podfile.lock\" \"${PODS_ROOT}/Manifest.lock\" > /dev/null\nif [[ $? != 0 ]] ; then\n    cat << EOM\nerror: The sandbox is not in sync with the Podfile.lock. Run 'pod install' or update your CocoaPods installation.\nEOM\n    exit 1\nfi\n";
			showEnvVarsInLog = 0;
		};
/* End PBXShellScriptBuildPhase section */

/* Begin PBXSourcesBuildPhase section */
		4453ED0F1CF9EA2C0028C8E0 /* Sources */ = {
			isa = PBXSourcesBuildPhase;
			buildActionMask = 2147483647;
			files = (
				A9F8DB631D03623B00ECE1F3 /* SponsorBoxTableViewCell.swift in Sources */,
				A946C7971D0316E500E19639 /* Configurable.swift in Sources */,
				A98010C41D04D4ED00AABC90 /* GenericDataSource.swift in Sources */,
				25318B1F1CFD7EBC00691791 /* CPASpeaker.m in Sources */,
				A98010D71D0525A800AABC90 /* StagesTableViewCell.swift in Sources */,
				A9F8DB691D0373B300ECE1F3 /* NibLoadable.swift in Sources */,
				A91C078E1D00E3DC005271FE /* Boxes.swift in Sources */,
				A90364941CFF9CD60089B351 /* HomeViewModel.swift in Sources */,
				25318B221CFD93D800691791 /* CPASponsorTier.m in Sources */,
				44E46FEF1D04CA91003F779A /* SpeakerTableViewCell.swift in Sources */,
				4453ED1E1CF9EA2C0028C8E0 /* ViewController.m in Sources */,
				25318B181CFD794000691791 /* CPAFirebaseDefaultService.m in Sources */,
				4498BFE31D04BCD60085A15C /* SpeakersViewModel.swift in Sources */,
				25318B1C1CFD7EA700691791 /* CPAObject.m in Sources */,
				4453ED1B1CF9EA2C0028C8E0 /* AppDelegate.m in Sources */,
				4498BFE01D04BCB80085A15C /* SpeakersViewController.swift in Sources */,
				A9F8DB5C1D03389800ECE1F3 /* HomeTableHeaderView.swift in Sources */,
				A9F8DB6B1D0376BA00ECE1F3 /* HomeTableFooterView.swift in Sources */,
				4453ED181CF9EA2C0028C8E0 /* main.m in Sources */,
				AF3EAF4DEB8B5762CBBAAE06 /* CPASummit.m in Sources */,
				AF3EA5C27264BE6E30AEBFA1 /* CPASponsor.m in Sources */,
				A91C07A81D0104D4005271FE /* Constants.swift in Sources */,
				A98010D31D05259F00AABC90 /* StagesViewController.swift in Sources */,
				A91C079C1D00EC3F005271FE /* HomeViewController.swift in Sources */,
				A91C079F1D00EC85005271FE /* InfoBoxTableViewCell.swift in Sources */,
			);
			runOnlyForDeploymentPostprocessing = 0;
		};
		4453ED281CF9EA2D0028C8E0 /* Sources */ = {
			isa = PBXSourcesBuildPhase;
			buildActionMask = 2147483647;
			files = (
				4453ED311CF9EA2D0028C8E0 /* CoolestProjectsTests.m in Sources */,
			);
			runOnlyForDeploymentPostprocessing = 0;
		};
/* End PBXSourcesBuildPhase section */

/* Begin PBXTargetDependency section */
		4453ED2E1CF9EA2D0028C8E0 /* PBXTargetDependency */ = {
			isa = PBXTargetDependency;
			target = 4453ED121CF9EA2C0028C8E0 /* CoolestProjects */;
			targetProxy = 4453ED2D1CF9EA2D0028C8E0 /* PBXContainerItemProxy */;
		};
/* End PBXTargetDependency section */

/* Begin PBXVariantGroup section */
		4453ED1F1CF9EA2C0028C8E0 /* Main.storyboard */ = {
			isa = PBXVariantGroup;
			children = (
				4453ED201CF9EA2C0028C8E0 /* Base */,
			);
			name = Main.storyboard;
			sourceTree = "<group>";
		};
		4453ED241CF9EA2C0028C8E0 /* LaunchScreen.storyboard */ = {
			isa = PBXVariantGroup;
			children = (
				4453ED251CF9EA2C0028C8E0 /* Base */,
			);
			name = LaunchScreen.storyboard;
			sourceTree = "<group>";
		};
/* End PBXVariantGroup section */

/* Begin XCBuildConfiguration section */
		4453ED331CF9EA2D0028C8E0 /* Debug */ = {
			isa = XCBuildConfiguration;
			buildSettings = {
				ALWAYS_SEARCH_USER_PATHS = NO;
				CLANG_ANALYZER_NONNULL = YES;
				CLANG_CXX_LANGUAGE_STANDARD = "gnu++0x";
				CLANG_CXX_LIBRARY = "libc++";
				CLANG_ENABLE_MODULES = YES;
				CLANG_ENABLE_OBJC_ARC = YES;
				CLANG_WARN_BOOL_CONVERSION = YES;
				CLANG_WARN_CONSTANT_CONVERSION = YES;
				CLANG_WARN_DIRECT_OBJC_ISA_USAGE = YES_ERROR;
				CLANG_WARN_EMPTY_BODY = YES;
				CLANG_WARN_ENUM_CONVERSION = YES;
				CLANG_WARN_INT_CONVERSION = YES;
				CLANG_WARN_OBJC_ROOT_CLASS = YES_ERROR;
				CLANG_WARN_UNREACHABLE_CODE = YES;
				CLANG_WARN__DUPLICATE_METHOD_MATCH = YES;
				"CODE_SIGN_IDENTITY[sdk=iphoneos*]" = "iPhone Developer";
				COPY_PHASE_STRIP = NO;
				DEBUG_INFORMATION_FORMAT = dwarf;
				ENABLE_STRICT_OBJC_MSGSEND = YES;
				ENABLE_TESTABILITY = YES;
				GCC_C_LANGUAGE_STANDARD = gnu99;
				GCC_DYNAMIC_NO_PIC = NO;
				GCC_NO_COMMON_BLOCKS = YES;
				GCC_OPTIMIZATION_LEVEL = 0;
				GCC_PREPROCESSOR_DEFINITIONS = (
					"DEBUG=1",
					"$(inherited)",
				);
				GCC_WARN_64_TO_32_BIT_CONVERSION = YES;
				GCC_WARN_ABOUT_RETURN_TYPE = YES_ERROR;
				GCC_WARN_UNDECLARED_SELECTOR = YES;
				GCC_WARN_UNINITIALIZED_AUTOS = YES_AGGRESSIVE;
				GCC_WARN_UNUSED_FUNCTION = YES;
				GCC_WARN_UNUSED_VARIABLE = YES;
				IPHONEOS_DEPLOYMENT_TARGET = 9.3;
				MTL_ENABLE_DEBUG_INFO = YES;
				ONLY_ACTIVE_ARCH = YES;
				SDKROOT = iphoneos;
			};
			name = Debug;
		};
		4453ED341CF9EA2D0028C8E0 /* Release */ = {
			isa = XCBuildConfiguration;
			buildSettings = {
				ALWAYS_SEARCH_USER_PATHS = NO;
				CLANG_ANALYZER_NONNULL = YES;
				CLANG_CXX_LANGUAGE_STANDARD = "gnu++0x";
				CLANG_CXX_LIBRARY = "libc++";
				CLANG_ENABLE_MODULES = YES;
				CLANG_ENABLE_OBJC_ARC = YES;
				CLANG_WARN_BOOL_CONVERSION = YES;
				CLANG_WARN_CONSTANT_CONVERSION = YES;
				CLANG_WARN_DIRECT_OBJC_ISA_USAGE = YES_ERROR;
				CLANG_WARN_EMPTY_BODY = YES;
				CLANG_WARN_ENUM_CONVERSION = YES;
				CLANG_WARN_INT_CONVERSION = YES;
				CLANG_WARN_OBJC_ROOT_CLASS = YES_ERROR;
				CLANG_WARN_UNREACHABLE_CODE = YES;
				CLANG_WARN__DUPLICATE_METHOD_MATCH = YES;
				"CODE_SIGN_IDENTITY[sdk=iphoneos*]" = "iPhone Developer";
				COPY_PHASE_STRIP = NO;
				DEBUG_INFORMATION_FORMAT = "dwarf-with-dsym";
				ENABLE_NS_ASSERTIONS = NO;
				ENABLE_STRICT_OBJC_MSGSEND = YES;
				GCC_C_LANGUAGE_STANDARD = gnu99;
				GCC_NO_COMMON_BLOCKS = YES;
				GCC_WARN_64_TO_32_BIT_CONVERSION = YES;
				GCC_WARN_ABOUT_RETURN_TYPE = YES_ERROR;
				GCC_WARN_UNDECLARED_SELECTOR = YES;
				GCC_WARN_UNINITIALIZED_AUTOS = YES_AGGRESSIVE;
				GCC_WARN_UNUSED_FUNCTION = YES;
				GCC_WARN_UNUSED_VARIABLE = YES;
				IPHONEOS_DEPLOYMENT_TARGET = 9.3;
				MTL_ENABLE_DEBUG_INFO = NO;
				SDKROOT = iphoneos;
				VALIDATE_PRODUCT = YES;
			};
			name = Release;
		};
		4453ED361CF9EA2D0028C8E0 /* Debug */ = {
			isa = XCBuildConfiguration;
			baseConfigurationReference = 49BF7892A648D3451D22C052 /* Pods-CoolestProjects.debug.xcconfig */;
			buildSettings = {
				ASSETCATALOG_COMPILER_APPICON_NAME = AppIcon;
				CLANG_ENABLE_MODULES = YES;
				DEFINES_MODULE = NO;
				INFOPLIST_FILE = CoolestProjects/Info.plist;
				LD_RUNPATH_SEARCH_PATHS = "$(inherited) @executable_path/Frameworks";
				PRODUCT_BUNDLE_IDENTIFIER = com.coderdojo.coolestprojects;
				PRODUCT_NAME = "$(TARGET_NAME)";
				SWIFT_OBJC_BRIDGING_HEADER = "CoolestProjects/CoolestProjects-Bridging-Header.h";
				SWIFT_OPTIMIZATION_LEVEL = "-Onone";
			};
			name = Debug;
		};
		4453ED371CF9EA2D0028C8E0 /* Release */ = {
			isa = XCBuildConfiguration;
			baseConfigurationReference = 4597A15428DCEA5BAE8EAE8B /* Pods-CoolestProjects.release.xcconfig */;
			buildSettings = {
				ASSETCATALOG_COMPILER_APPICON_NAME = AppIcon;
				CLANG_ENABLE_MODULES = YES;
				DEFINES_MODULE = NO;
				INFOPLIST_FILE = CoolestProjects/Info.plist;
				LD_RUNPATH_SEARCH_PATHS = "$(inherited) @executable_path/Frameworks";
				PRODUCT_BUNDLE_IDENTIFIER = com.coderdojo.coolestprojects;
				PRODUCT_NAME = "$(TARGET_NAME)";
				SWIFT_OBJC_BRIDGING_HEADER = "CoolestProjects/CoolestProjects-Bridging-Header.h";
			};
			name = Release;
		};
		4453ED391CF9EA2D0028C8E0 /* Debug */ = {
			isa = XCBuildConfiguration;
			baseConfigurationReference = 7A77BE0BE8745848AD692EC7 /* Pods-CoolestProjectsTests.debug.xcconfig */;
			buildSettings = {
				BUNDLE_LOADER = "$(TEST_HOST)";
				INFOPLIST_FILE = CoolestProjectsTests/Info.plist;
				LD_RUNPATH_SEARCH_PATHS = "$(inherited) @executable_path/Frameworks @loader_path/Frameworks";
				PRODUCT_BUNDLE_IDENTIFIER = com.coderdojo.CoolestProjectsTests;
				PRODUCT_NAME = "$(TARGET_NAME)";
				TEST_HOST = "$(BUILT_PRODUCTS_DIR)/CoolestProjects.app/CoolestProjects";
			};
			name = Debug;
		};
		4453ED3A1CF9EA2D0028C8E0 /* Release */ = {
			isa = XCBuildConfiguration;
			baseConfigurationReference = F4C963232B4882A7A78E90F5 /* Pods-CoolestProjectsTests.release.xcconfig */;
			buildSettings = {
				BUNDLE_LOADER = "$(TEST_HOST)";
				INFOPLIST_FILE = CoolestProjectsTests/Info.plist;
				LD_RUNPATH_SEARCH_PATHS = "$(inherited) @executable_path/Frameworks @loader_path/Frameworks";
				PRODUCT_BUNDLE_IDENTIFIER = com.coderdojo.CoolestProjectsTests;
				PRODUCT_NAME = "$(TARGET_NAME)";
				TEST_HOST = "$(BUILT_PRODUCTS_DIR)/CoolestProjects.app/CoolestProjects";
			};
			name = Release;
		};
/* End XCBuildConfiguration section */

/* Begin XCConfigurationList section */
		4453ED0E1CF9EA2C0028C8E0 /* Build configuration list for PBXProject "CoolestProjects" */ = {
			isa = XCConfigurationList;
			buildConfigurations = (
				4453ED331CF9EA2D0028C8E0 /* Debug */,
				4453ED341CF9EA2D0028C8E0 /* Release */,
			);
			defaultConfigurationIsVisible = 0;
			defaultConfigurationName = Release;
		};
		4453ED351CF9EA2D0028C8E0 /* Build configuration list for PBXNativeTarget "CoolestProjects" */ = {
			isa = XCConfigurationList;
			buildConfigurations = (
				4453ED361CF9EA2D0028C8E0 /* Debug */,
				4453ED371CF9EA2D0028C8E0 /* Release */,
			);
			defaultConfigurationIsVisible = 0;
			defaultConfigurationName = Release;
		};
		4453ED381CF9EA2D0028C8E0 /* Build configuration list for PBXNativeTarget "CoolestProjectsTests" */ = {
			isa = XCConfigurationList;
			buildConfigurations = (
				4453ED391CF9EA2D0028C8E0 /* Debug */,
				4453ED3A1CF9EA2D0028C8E0 /* Release */,
			);
			defaultConfigurationIsVisible = 0;
			defaultConfigurationName = Release;
		};
/* End XCConfigurationList section */
	};
	rootObject = 4453ED0B1CF9EA2C0028C8E0 /* Project object */;
}
