// !$*UTF8*$!
{
	archiveVersion = 1;
	classes = {
	};
	objectVersion = 46;
	objects = {

/* Begin PBXBuildFile section */
		0D2E55201EDAC82F00262A49 /* HallsViewController.xib in Resources */ = {isa = PBXBuildFile; fileRef = 0D2E551F1EDAC82F00262A49 /* HallsViewController.xib */; };
		0D2E55221EDAC84200262A49 /* HallsViewController.swift in Sources */ = {isa = PBXBuildFile; fileRef = 0D2E55211EDAC84200262A49 /* HallsViewController.swift */; };
		0D2E55261EDB2E2F00262A49 /* UIFont+Additions.swift in Sources */ = {isa = PBXBuildFile; fileRef = 0D2E55251EDB2E2F00262A49 /* UIFont+Additions.swift */; };
		0D6D56BD1ED783D00036B51A /* Halls.swift in Sources */ = {isa = PBXBuildFile; fileRef = 0D6D56BC1ED783D00036B51A /* Halls.swift */; };
		0D6D56BF1ED785E30036B51A /* Halls+Decodable.swift in Sources */ = {isa = PBXBuildFile; fileRef = 0D6D56BE1ED785E30036B51A /* Halls+Decodable.swift */; };
		0D6D56C41ED796770036B51A /* ScheduleService.swift in Sources */ = {isa = PBXBuildFile; fileRef = 0D6D56C31ED796770036B51A /* ScheduleService.swift */; };
		0DA2D0141EDCC438007F7E51 /* MainTabBarController.swift in Sources */ = {isa = PBXBuildFile; fileRef = 0DA2D0131EDCC438007F7E51 /* MainTabBarController.swift */; };
		0DA43D011ED9B74D00ADDBED /* PanelTableViewCell.swift in Sources */ = {isa = PBXBuildFile; fileRef = 0DA43D001ED9B74D00ADDBED /* PanelTableViewCell.swift */; };
		0DA43D031ED9BA8900ADDBED /* PanelTableViewCell.xib in Resources */ = {isa = PBXBuildFile; fileRef = 0DA43D021ED9BA8900ADDBED /* PanelTableViewCell.xib */; };
		0DA43D071ED9BA9300ADDBED /* PanelSpeakerView.swift in Sources */ = {isa = PBXBuildFile; fileRef = 0DA43D051ED9BA9300ADDBED /* PanelSpeakerView.swift */; };
		0DA43D081ED9BA9300ADDBED /* PanelSpeakerView.xib in Resources */ = {isa = PBXBuildFile; fileRef = 0DA43D061ED9BA9300ADDBED /* PanelSpeakerView.xib */; };
		0DA43D0C1ED9C4E700ADDBED /* UIColor+Additions.swift in Sources */ = {isa = PBXBuildFile; fileRef = 0DA43D0B1ED9C4E700ADDBED /* UIColor+Additions.swift */; };
		0DA43D101ED9D06800ADDBED /* WorkshopTableViewCell.swift in Sources */ = {isa = PBXBuildFile; fileRef = 0DA43D0E1ED9D06800ADDBED /* WorkshopTableViewCell.swift */; };
		0DA43D111ED9D06800ADDBED /* WorkshopTableViewCell.xib in Resources */ = {isa = PBXBuildFile; fileRef = 0DA43D0F1ED9D06800ADDBED /* WorkshopTableViewCell.xib */; };
		0DA43D171ED9D1C700ADDBED /* HallsDataSources.swift in Sources */ = {isa = PBXBuildFile; fileRef = 0DA43D161ED9D1C700ADDBED /* HallsDataSources.swift */; };
		0DA43D1A1ED9D99D00ADDBED /* HallActivitiesViewController.xib in Resources */ = {isa = PBXBuildFile; fileRef = 0DA43D191ED9D99D00ADDBED /* HallActivitiesViewController.xib */; };
		0DA43D1C1ED9D9AA00ADDBED /* HallActivitiesViewController.swift in Sources */ = {isa = PBXBuildFile; fileRef = 0DA43D1B1ED9D9AA00ADDBED /* HallActivitiesViewController.swift */; };
		0DB8E7091ED4BA04001861D8 /* Array+Gloss.swift in Sources */ = {isa = PBXBuildFile; fileRef = 0DB8E7081ED4BA04001861D8 /* Array+Gloss.swift */; };
		134565DF1F7980FF191C5DD6 /* Pods_CoolestProjectsTests.framework in Frameworks */ = {isa = PBXBuildFile; fileRef = 1BB508B9D65AD4A13FA74B39 /* Pods_CoolestProjectsTests.framework */; };
		2501C52E1ED6C6DD00969F0B /* BlurbTableViewCell.swift in Sources */ = {isa = PBXBuildFile; fileRef = 2501C52C1ED6C6DD00969F0B /* BlurbTableViewCell.swift */; };
		2501C52F1ED6C6DD00969F0B /* BlurbTableViewCell.xib in Resources */ = {isa = PBXBuildFile; fileRef = 2501C52D1ED6C6DD00969F0B /* BlurbTableViewCell.xib */; };
		2501C5311ED6C70E00969F0B /* BlurbViewModel.swift in Sources */ = {isa = PBXBuildFile; fileRef = 2501C5301ED6C70E00969F0B /* BlurbViewModel.swift */; };
		2512CD0B1EE193A200B92CE8 /* UIImage+Additions.swift in Sources */ = {isa = PBXBuildFile; fileRef = 2512CD0A1EE193A200B92CE8 /* UIImage+Additions.swift */; };
		25273B811ED6FEAE00B63BF7 /* MapViewTableViewCell.swift in Sources */ = {isa = PBXBuildFile; fileRef = 25273B7F1ED6FEAE00B63BF7 /* MapViewTableViewCell.swift */; };
		25273B821ED6FEAE00B63BF7 /* MapViewTableViewCell.xib in Resources */ = {isa = PBXBuildFile; fileRef = 25273B801ED6FEAE00B63BF7 /* MapViewTableViewCell.xib */; };
		25273B841ED7019800B63BF7 /* Maps.xcassets in Resources */ = {isa = PBXBuildFile; fileRef = 25273B831ED7019800B63BF7 /* Maps.xcassets */; };
		252811921ED1B2F300DFEE6A /* PagerHeaderComponent.swift in Sources */ = {isa = PBXBuildFile; fileRef = 252811911ED1B2F300DFEE6A /* PagerHeaderComponent.swift */; };
		252811941ED1B45B00DFEE6A /* PageHeaderTableViewCell.swift in Sources */ = {isa = PBXBuildFile; fileRef = 252811931ED1B45B00DFEE6A /* PageHeaderTableViewCell.swift */; };
		25318B181CFD794000691791 /* CPAFirebaseDefaultService.m in Sources */ = {isa = PBXBuildFile; fileRef = 25318B171CFD794000691791 /* CPAFirebaseDefaultService.m */; };
		25318B1C1CFD7EA700691791 /* CPAObject.m in Sources */ = {isa = PBXBuildFile; fileRef = 25318B1B1CFD7EA700691791 /* CPAObject.m */; };
		25318B221CFD93D800691791 /* CPASponsorTier.m in Sources */ = {isa = PBXBuildFile; fileRef = 25318B211CFD93D800691791 /* CPASponsorTier.m */; };
		25F4BF011ED1C57300F45E13 /* Common.strings in Resources */ = {isa = PBXBuildFile; fileRef = 25F4BF001ED1C57300F45E13 /* Common.strings */; };
		25F4BF041ED1DACB00F45E13 /* ContentTableViewCell.swift in Sources */ = {isa = PBXBuildFile; fileRef = 25F4BF021ED1DACB00F45E13 /* ContentTableViewCell.swift */; };
		25F4BF051ED1DACB00F45E13 /* ContentTableViewCell.xib in Resources */ = {isa = PBXBuildFile; fileRef = 25F4BF031ED1DACB00F45E13 /* ContentTableViewCell.xib */; };
		25F4BF081ED1DE6D00F45E13 /* ContentViewModel.swift in Sources */ = {isa = PBXBuildFile; fileRef = 25F4BF071ED1DE6D00F45E13 /* ContentViewModel.swift */; };
		3A02C858EBAB3C0EB32DEEC3 /* Pods_CoolestProjects.framework in Frameworks */ = {isa = PBXBuildFile; fileRef = 194788837311B5F45B6240AD /* Pods_CoolestProjects.framework */; };
		4453ED181CF9EA2C0028C8E0 /* main.m in Sources */ = {isa = PBXBuildFile; fileRef = 4453ED171CF9EA2C0028C8E0 /* main.m */; };
		4453ED1B1CF9EA2C0028C8E0 /* AppDelegate.m in Sources */ = {isa = PBXBuildFile; fileRef = 4453ED1A1CF9EA2C0028C8E0 /* AppDelegate.m */; };
		4453ED211CF9EA2C0028C8E0 /* Main.storyboard in Resources */ = {isa = PBXBuildFile; fileRef = 4453ED1F1CF9EA2C0028C8E0 /* Main.storyboard */; };
		4453ED231CF9EA2C0028C8E0 /* Assets.xcassets in Resources */ = {isa = PBXBuildFile; fileRef = 4453ED221CF9EA2C0028C8E0 /* Assets.xcassets */; };
		44980DAD1D05CE7000C26765 /* Speakers.xcassets in Resources */ = {isa = PBXBuildFile; fileRef = 44980DAC1D05CE7000C26765 /* Speakers.xcassets */; };
		7E426E711ED09946006BA833 /* PageHeaderView.swift in Sources */ = {isa = PBXBuildFile; fileRef = 7E426E6F1ED09946006BA833 /* PageHeaderView.swift */; };
		7E426E721ED09946006BA833 /* PageHeaderView.xib in Resources */ = {isa = PBXBuildFile; fileRef = 7E426E701ED09946006BA833 /* PageHeaderView.xib */; };
		7E7AAC141EDB27A700B4A36C /* AboutViewController.swift in Sources */ = {isa = PBXBuildFile; fileRef = 7E7AAC121EDB27A700B4A36C /* AboutViewController.swift */; };
		7E7AAC151EDB27A700B4A36C /* AboutViewController.xib in Resources */ = {isa = PBXBuildFile; fileRef = 7E7AAC131EDB27A700B4A36C /* AboutViewController.xib */; };
		7E7AAC191EDB301600B4A36C /* AboutViewTableViewCell.swift in Sources */ = {isa = PBXBuildFile; fileRef = 7E7AAC171EDB301600B4A36C /* AboutViewTableViewCell.swift */; };
		7E7AAC1A1EDB301600B4A36C /* AboutViewTableViewCell.xib in Resources */ = {isa = PBXBuildFile; fileRef = 7E7AAC181EDB301600B4A36C /* AboutViewTableViewCell.xib */; };
		7E7AAC1D1EDB315F00B4A36C /* AboutModel.swift in Sources */ = {isa = PBXBuildFile; fileRef = 7E7AAC1C1EDB315F00B4A36C /* AboutModel.swift */; };
		7E7AAC1F1EDB370500B4A36C /* About.xcassets in Resources */ = {isa = PBXBuildFile; fileRef = 7E7AAC1E1EDB370500B4A36C /* About.xcassets */; };
		9B0DB3E21D05B71C00F41956 /* BaseViewController.swift in Sources */ = {isa = PBXBuildFile; fileRef = 9B0DB3E11D05B71C00F41956 /* BaseViewController.swift */; };
		9B1064241EDCA6F500395CAA /* GemsViewController.swift in Sources */ = {isa = PBXBuildFile; fileRef = 9B1064221EDCA6F500395CAA /* GemsViewController.swift */; };
		9B1064271EDCA71600395CAA /* GemsViewModel.swift in Sources */ = {isa = PBXBuildFile; fileRef = 9B1064261EDCA71600395CAA /* GemsViewModel.swift */; };
		9B1064291EDCBE7B00395CAA /* GemsViewController.xib in Resources */ = {isa = PBXBuildFile; fileRef = 9B1064281EDCBE7B00395CAA /* GemsViewController.xib */; };
		9B1064311EDDF60A00395CAA /* GemTableViewCell.swift in Sources */ = {isa = PBXBuildFile; fileRef = 9B10642F1EDDF60A00395CAA /* GemTableViewCell.swift */; };
		9B1064321EDDF60A00395CAA /* GemTableViewCell.xib in Resources */ = {isa = PBXBuildFile; fileRef = 9B1064301EDDF60A00395CAA /* GemTableViewCell.xib */; };
		9B5907821D05ECE300FCE40D /* MapsViewController.swift in Sources */ = {isa = PBXBuildFile; fileRef = 9B5907811D05ECE300FCE40D /* MapsViewController.swift */; };
		9B5907841D05ED0200FCE40D /* MapsViewController.xib in Resources */ = {isa = PBXBuildFile; fileRef = 9B5907831D05ED0200FCE40D /* MapsViewController.xib */; };
		9B59078A1D05F07600FCE40D /* MapsModel.swift in Sources */ = {isa = PBXBuildFile; fileRef = 9B5907891D05F07600FCE40D /* MapsModel.swift */; };
		9B69D8BC1ED95B470027795E /* BluetoothBoxTableViewCell.swift in Sources */ = {isa = PBXBuildFile; fileRef = 9B69D8BA1ED95B470027795E /* BluetoothBoxTableViewCell.swift */; };
		9B69D8BD1ED95B470027795E /* BluetoothBoxTableViewCell.xib in Resources */ = {isa = PBXBuildFile; fileRef = 9B69D8BB1ED95B470027795E /* BluetoothBoxTableViewCell.xib */; };
		9B74262B1EA3A46800945794 /* CPARegion.m in Sources */ = {isa = PBXBuildFile; fileRef = 9B74262A1EA3A46800945794 /* CPARegion.m */; };
		9B74262E1EA3A4FA00945794 /* CPABeacon.m in Sources */ = {isa = PBXBuildFile; fileRef = 9B74262D1EA3A4FA00945794 /* CPABeacon.m */; };
		9B842DA21EC88FE300EF9540 /* CPADeeplinkManager.swift in Sources */ = {isa = PBXBuildFile; fileRef = 9B842DA11EC88FE300EF9540 /* CPADeeplinkManager.swift */; };
		A90364941CFF9CD60089B351 /* HomeViewModel.swift in Sources */ = {isa = PBXBuildFile; fileRef = A90364931CFF9CD60089B351 /* HomeViewModel.swift */; };
		A91C078E1D00E3DC005271FE /* Boxes.swift in Sources */ = {isa = PBXBuildFile; fileRef = A91C078D1D00E3DC005271FE /* Boxes.swift */; };
		A91C07911D00EA54005271FE /* OpenSans-Light.ttf in Resources */ = {isa = PBXBuildFile; fileRef = B79C051731B8A634DF461065 /* OpenSans-Light.ttf */; };
		A91C07921D00EA54005271FE /* OpenSans-Regular.ttf in Resources */ = {isa = PBXBuildFile; fileRef = B79C045F341C1FEA00B4A605 /* OpenSans-Regular.ttf */; };
		A91C07931D00EA54005271FE /* OpenSans-Semibold.ttf in Resources */ = {isa = PBXBuildFile; fileRef = B79C05458A577A69B366BA10 /* OpenSans-Semibold.ttf */; };
		A91C079C1D00EC3F005271FE /* HomeViewController.swift in Sources */ = {isa = PBXBuildFile; fileRef = A91C079A1D00EC3F005271FE /* HomeViewController.swift */; };
		A91C079D1D00EC3F005271FE /* HomeViewController.xib in Resources */ = {isa = PBXBuildFile; fileRef = A91C079B1D00EC3F005271FE /* HomeViewController.xib */; };
		A91C07A61D0101C5005271FE /* Localizable.strings in Resources */ = {isa = PBXBuildFile; fileRef = A91C07A51D0101C5005271FE /* Localizable.strings */; };
		A93BCD2B1D0DFA8000005DB2 /* Coderdojo2015-107.jpg in Resources */ = {isa = PBXBuildFile; fileRef = A93BCD261D0DFA8000005DB2 /* Coderdojo2015-107.jpg */; };
		A93BCD2C1D0DFA8000005DB2 /* Coderdojo2015-547.jpg in Resources */ = {isa = PBXBuildFile; fileRef = A93BCD271D0DFA8000005DB2 /* Coderdojo2015-547.jpg */; };
		A93BCD2D1D0DFA8000005DB2 /* Coderdojo2015-569.jpg in Resources */ = {isa = PBXBuildFile; fileRef = A93BCD281D0DFA8000005DB2 /* Coderdojo2015-569.jpg */; };
		A93BCD2E1D0DFA8000005DB2 /* Coderdojo2015-813.jpg in Resources */ = {isa = PBXBuildFile; fileRef = A93BCD291D0DFA8000005DB2 /* Coderdojo2015-813.jpg */; };
		A93BCD2F1D0DFA8000005DB2 /* Coderdojo2015-6071.jpg in Resources */ = {isa = PBXBuildFile; fileRef = A93BCD2A1D0DFA8000005DB2 /* Coderdojo2015-6071.jpg */; };
		A93BCD321D0DFE4800005DB2 /* CPAAbout.m in Sources */ = {isa = PBXBuildFile; fileRef = A93BCD311D0DFE4800005DB2 /* CPAAbout.m */; };
		A93BCD361D0E232400005DB2 /* Projects.storyboard in Resources */ = {isa = PBXBuildFile; fileRef = A93BCD351D0E232400005DB2 /* Projects.storyboard */; };
		A93BCD381D0E249B00005DB2 /* FilterOption.swift in Sources */ = {isa = PBXBuildFile; fileRef = A93BCD371D0E249B00005DB2 /* FilterOption.swift */; };
		A93BCD3D1D0E24A500005DB2 /* Configurable.swift in Sources */ = {isa = PBXBuildFile; fileRef = A93BCD391D0E24A500005DB2 /* Configurable.swift */; };
		A93BCD3E1D0E24A500005DB2 /* Constants.swift in Sources */ = {isa = PBXBuildFile; fileRef = A93BCD3A1D0E24A500005DB2 /* Constants.swift */; };
		A96EA6641EA6C7750021990F /* BeaconNotificationsManager.swift in Sources */ = {isa = PBXBuildFile; fileRef = A96EA6631EA6C7750021990F /* BeaconNotificationsManager.swift */; };
		A97B8C221EAD55A500B2A512 /* RegionMessageInteraction.swift in Sources */ = {isa = PBXBuildFile; fileRef = A97B8C211EAD55A500B2A512 /* RegionMessageInteraction.swift */; };
		A97B8C241EAD584200B2A512 /* RegionMessageInteractionStore.swift in Sources */ = {isa = PBXBuildFile; fileRef = A97B8C231EAD584200B2A512 /* RegionMessageInteractionStore.swift */; };
		A97B8C271EAD5A0300B2A512 /* RegionInteractionStoreTest.swift in Sources */ = {isa = PBXBuildFile; fileRef = A97B8C261EAD5A0300B2A512 /* RegionInteractionStoreTest.swift */; };
		A97B8C2A1EAD60F100B2A512 /* RegionInteractions.json in Resources */ = {isa = PBXBuildFile; fileRef = A97B8C291EAD60F100B2A512 /* RegionInteractions.json */; };
		A97B8C2C1EAD64A900B2A512 /* DataStore.swift in Sources */ = {isa = PBXBuildFile; fileRef = A97B8C2B1EAD64A900B2A512 /* DataStore.swift */; };
		A97B8C2E1EAD724E00B2A512 /* RegionInteractionsInvalidData.json in Resources */ = {isa = PBXBuildFile; fileRef = A97B8C2D1EAD724E00B2A512 /* RegionInteractionsInvalidData.json */; };
		A97B8C351EAEB02800B2A512 /* MessagesService.swift in Sources */ = {isa = PBXBuildFile; fileRef = A97B8C341EAEB02800B2A512 /* MessagesService.swift */; };
		A97B8C371EAEB7EF00B2A512 /* Message.swift in Sources */ = {isa = PBXBuildFile; fileRef = A97B8C361EAEB7EF00B2A512 /* Message.swift */; };
		A97B8C3D1EC7A18900B2A512 /* CoreBluetooth.framework in Frameworks */ = {isa = PBXBuildFile; fileRef = A97B8C3C1EC7A18900B2A512 /* CoreBluetooth.framework */; };
		A97B8C3F1EC7B80A00B2A512 /* BluetoothAlertManager.swift in Sources */ = {isa = PBXBuildFile; fileRef = A97B8C3E1EC7B80A00B2A512 /* BluetoothAlertManager.swift */; };
		A97B8C411EC7BFF600B2A512 /* Alerts.strings in Resources */ = {isa = PBXBuildFile; fileRef = A97B8C401EC7BFF600B2A512 /* Alerts.strings */; };
		A98010C81D0522E800AABC90 /* Stages.xcassets in Resources */ = {isa = PBXBuildFile; fileRef = A98010C71D0522E800AABC90 /* Stages.xcassets */; };
		A9D9D37F1ED38C3B001CE6F1 /* BeaconRegionInteractionStore.swift in Sources */ = {isa = PBXBuildFile; fileRef = A9D9D37D1ED38C3B001CE6F1 /* BeaconRegionInteractionStore.swift */; };
		A9D9D3801ED38C3B001CE6F1 /* BeaconRegionInteraction.swift in Sources */ = {isa = PBXBuildFile; fileRef = A9D9D37E1ED38C3B001CE6F1 /* BeaconRegionInteraction.swift */; };
		A9F8DB4E1D0331C100ECE1F3 /* Home.strings in Resources */ = {isa = PBXBuildFile; fileRef = A9F8DB4D1D0331C100ECE1F3 /* Home.strings */; };
		A9F8DB511D03332700ECE1F3 /* Home.xcassets in Resources */ = {isa = PBXBuildFile; fileRef = A9F8DB501D03332700ECE1F3 /* Home.xcassets */; };
		A9F8DB631D03623B00ECE1F3 /* SponsorBoxTableViewCell.swift in Sources */ = {isa = PBXBuildFile; fileRef = A9F8DB611D03623B00ECE1F3 /* SponsorBoxTableViewCell.swift */; };
		A9F8DB641D03623B00ECE1F3 /* SponsorBoxTableViewCell.xib in Resources */ = {isa = PBXBuildFile; fileRef = A9F8DB621D03623B00ECE1F3 /* SponsorBoxTableViewCell.xib */; };
		A9F8DB671D03716D00ECE1F3 /* HomeTableFooterView.xib in Resources */ = {isa = PBXBuildFile; fileRef = A9F8DB661D03716D00ECE1F3 /* HomeTableFooterView.xib */; };
		A9F8DB6B1D0376BA00ECE1F3 /* HomeTableFooterView.swift in Sources */ = {isa = PBXBuildFile; fileRef = A9F8DB6A1D0376BA00ECE1F3 /* HomeTableFooterView.swift */; };
		AF3EA5C27264BE6E30AEBFA1 /* CPASponsor.m in Sources */ = {isa = PBXBuildFile; fileRef = AF3EA519C673E3A958BF8F77 /* CPASponsor.m */; };
		B79C042D35B744F825F85941 /* GoogleService-Info.plist in Resources */ = {isa = PBXBuildFile; fileRef = B79C04472D5989530374B57A /* GoogleService-Info.plist */; };
		E10F18F91D06F8C500AE44AC /* Menu.strings in Resources */ = {isa = PBXBuildFile; fileRef = E10F18F81D06F8C500AE44AC /* Menu.strings */; };
		E1C603F51D0C74F600931C38 /* MapZoomViewController.swift in Sources */ = {isa = PBXBuildFile; fileRef = E1C603F41D0C74F600931C38 /* MapZoomViewController.swift */; };
		E1C603F71D0C751400931C38 /* MapZoomViewController.xib in Resources */ = {isa = PBXBuildFile; fileRef = E1C603F61D0C751400931C38 /* MapZoomViewController.xib */; };
		E1C604081D0DD78800931C38 /* SponsorTableViewCell.swift in Sources */ = {isa = PBXBuildFile; fileRef = E1C603FB1D0DD78800931C38 /* SponsorTableViewCell.swift */; };
		E1C604091D0DD78800931C38 /* SponsorTableViewCell.xib in Resources */ = {isa = PBXBuildFile; fileRef = E1C603FC1D0DD78800931C38 /* SponsorTableViewCell.xib */; };
		E1C6040A1D0DD78800931C38 /* SponsorTableViewHeader.swift in Sources */ = {isa = PBXBuildFile; fileRef = E1C603FE1D0DD78800931C38 /* SponsorTableViewHeader.swift */; };
		E1C6040B1D0DD78800931C38 /* SponsorsViewController.swift in Sources */ = {isa = PBXBuildFile; fileRef = E1C604001D0DD78800931C38 /* SponsorsViewController.swift */; };
		E1C6040C1D0DD78800931C38 /* SponsorsViewController.xib in Resources */ = {isa = PBXBuildFile; fileRef = E1C604011D0DD78800931C38 /* SponsorsViewController.xib */; };
		E1C6040D1D0DD78800931C38 /* SponsorTrierViewModel.swift in Sources */ = {isa = PBXBuildFile; fileRef = E1C604031D0DD78800931C38 /* SponsorTrierViewModel.swift */; };
		E1C604181D0DD7E100931C38 /* Project.swift in Sources */ = {isa = PBXBuildFile; fileRef = E1C604121D0DD7E100931C38 /* Project.swift */; };
		E1C604191D0DD7E100931C38 /* ProjectsFilterOptionsViewController.swift in Sources */ = {isa = PBXBuildFile; fileRef = E1C604131D0DD7E100931C38 /* ProjectsFilterOptionsViewController.swift */; };
		E1C6041A1D0DD7E100931C38 /* ProjectsService.swift in Sources */ = {isa = PBXBuildFile; fileRef = E1C604141D0DD7E100931C38 /* ProjectsService.swift */; };
		E1C6041B1D0DD7E100931C38 /* ProjectsStore.swift in Sources */ = {isa = PBXBuildFile; fileRef = E1C604151D0DD7E100931C38 /* ProjectsStore.swift */; };
		E1C6041C1D0DD7E100931C38 /* ProjectsViewController.swift in Sources */ = {isa = PBXBuildFile; fileRef = E1C604161D0DD7E100931C38 /* ProjectsViewController.swift */; };
		E1C6041D1D0DD7E100931C38 /* ProjectTableViewCell.swift in Sources */ = {isa = PBXBuildFile; fileRef = E1C604171D0DD7E100931C38 /* ProjectTableViewCell.swift */; };
		E1C6041F1D0DD7EF00931C38 /* Sponsors.strings in Resources */ = {isa = PBXBuildFile; fileRef = E1C6041E1D0DD7EF00931C38 /* Sponsors.strings */; };
		E1C604241D0DD8C800931C38 /* About.strings in Resources */ = {isa = PBXBuildFile; fileRef = E1C604221D0DD8C800931C38 /* About.strings */; };
		E1C604271D0DD93400931C38 /* Projects.strings in Resources */ = {isa = PBXBuildFile; fileRef = E1C604261D0DD93400931C38 /* Projects.strings */; };
		E1C604291D0DD94A00931C38 /* Settings.bundle in Resources */ = {isa = PBXBuildFile; fileRef = E1C604281D0DD94A00931C38 /* Settings.bundle */; };
		E1C6042F1D0DDC9D00931C38 /* about.html in Resources */ = {isa = PBXBuildFile; fileRef = E1C6042E1D0DDC9D00931C38 /* about.html */; };
		E1C604311D0DDD0E00931C38 /* Maps.strings in Resources */ = {isa = PBXBuildFile; fileRef = E1C604301D0DDD0E00931C38 /* Maps.strings */; };
/* End PBXBuildFile section */

/* Begin PBXContainerItemProxy section */
		4453ED2D1CF9EA2D0028C8E0 /* PBXContainerItemProxy */ = {
			isa = PBXContainerItemProxy;
			containerPortal = 4453ED0B1CF9EA2C0028C8E0 /* Project object */;
			proxyType = 1;
			remoteGlobalIDString = 4453ED121CF9EA2C0028C8E0;
			remoteInfo = CoolestProjects;
		};
/* End PBXContainerItemProxy section */

/* Begin PBXFileReference section */
		0D2E551F1EDAC82F00262A49 /* HallsViewController.xib */ = {isa = PBXFileReference; fileEncoding = 4; lastKnownFileType = file.xib; path = HallsViewController.xib; sourceTree = "<group>"; };
		0D2E55211EDAC84200262A49 /* HallsViewController.swift */ = {isa = PBXFileReference; fileEncoding = 4; lastKnownFileType = sourcecode.swift; path = HallsViewController.swift; sourceTree = "<group>"; };
		0D2E55251EDB2E2F00262A49 /* UIFont+Additions.swift */ = {isa = PBXFileReference; fileEncoding = 4; lastKnownFileType = sourcecode.swift; path = "UIFont+Additions.swift"; sourceTree = "<group>"; };
		0D6D56BC1ED783D00036B51A /* Halls.swift */ = {isa = PBXFileReference; fileEncoding = 4; lastKnownFileType = sourcecode.swift; name = Halls.swift; path = ../Models/Halls.swift; sourceTree = "<group>"; };
		0D6D56BE1ED785E30036B51A /* Halls+Decodable.swift */ = {isa = PBXFileReference; fileEncoding = 4; lastKnownFileType = sourcecode.swift; name = "Halls+Decodable.swift"; path = "../Models/Halls+Decodable.swift"; sourceTree = "<group>"; };
		0D6D56C31ED796770036B51A /* ScheduleService.swift */ = {isa = PBXFileReference; fileEncoding = 4; lastKnownFileType = sourcecode.swift; path = ScheduleService.swift; sourceTree = "<group>"; };
		0DA2D0131EDCC438007F7E51 /* MainTabBarController.swift */ = {isa = PBXFileReference; fileEncoding = 4; lastKnownFileType = sourcecode.swift; path = MainTabBarController.swift; sourceTree = "<group>"; };
		0DA43D001ED9B74D00ADDBED /* PanelTableViewCell.swift */ = {isa = PBXFileReference; fileEncoding = 4; lastKnownFileType = sourcecode.swift; path = PanelTableViewCell.swift; sourceTree = "<group>"; };
		0DA43D021ED9BA8900ADDBED /* PanelTableViewCell.xib */ = {isa = PBXFileReference; fileEncoding = 4; lastKnownFileType = file.xib; path = PanelTableViewCell.xib; sourceTree = "<group>"; };
		0DA43D051ED9BA9300ADDBED /* PanelSpeakerView.swift */ = {isa = PBXFileReference; fileEncoding = 4; lastKnownFileType = sourcecode.swift; path = PanelSpeakerView.swift; sourceTree = "<group>"; };
		0DA43D061ED9BA9300ADDBED /* PanelSpeakerView.xib */ = {isa = PBXFileReference; fileEncoding = 4; lastKnownFileType = file.xib; path = PanelSpeakerView.xib; sourceTree = "<group>"; };
		0DA43D0B1ED9C4E700ADDBED /* UIColor+Additions.swift */ = {isa = PBXFileReference; fileEncoding = 4; lastKnownFileType = sourcecode.swift; path = "UIColor+Additions.swift"; sourceTree = "<group>"; };
		0DA43D0E1ED9D06800ADDBED /* WorkshopTableViewCell.swift */ = {isa = PBXFileReference; fileEncoding = 4; lastKnownFileType = sourcecode.swift; path = WorkshopTableViewCell.swift; sourceTree = "<group>"; };
		0DA43D0F1ED9D06800ADDBED /* WorkshopTableViewCell.xib */ = {isa = PBXFileReference; fileEncoding = 4; lastKnownFileType = file.xib; path = WorkshopTableViewCell.xib; sourceTree = "<group>"; };
		0DA43D161ED9D1C700ADDBED /* HallsDataSources.swift */ = {isa = PBXFileReference; fileEncoding = 4; lastKnownFileType = sourcecode.swift; path = HallsDataSources.swift; sourceTree = "<group>"; };
		0DA43D191ED9D99D00ADDBED /* HallActivitiesViewController.xib */ = {isa = PBXFileReference; fileEncoding = 4; lastKnownFileType = file.xib; path = HallActivitiesViewController.xib; sourceTree = "<group>"; };
		0DA43D1B1ED9D9AA00ADDBED /* HallActivitiesViewController.swift */ = {isa = PBXFileReference; fileEncoding = 4; lastKnownFileType = sourcecode.swift; path = HallActivitiesViewController.swift; sourceTree = "<group>"; };
		0DB8E7081ED4BA04001861D8 /* Array+Gloss.swift */ = {isa = PBXFileReference; fileEncoding = 4; lastKnownFileType = sourcecode.swift; path = "Array+Gloss.swift"; sourceTree = "<group>"; };
		194788837311B5F45B6240AD /* Pods_CoolestProjects.framework */ = {isa = PBXFileReference; explicitFileType = wrapper.framework; includeInIndex = 0; path = Pods_CoolestProjects.framework; sourceTree = BUILT_PRODUCTS_DIR; };
		1BB508B9D65AD4A13FA74B39 /* Pods_CoolestProjectsTests.framework */ = {isa = PBXFileReference; explicitFileType = wrapper.framework; includeInIndex = 0; path = Pods_CoolestProjectsTests.framework; sourceTree = BUILT_PRODUCTS_DIR; };
		2501C52C1ED6C6DD00969F0B /* BlurbTableViewCell.swift */ = {isa = PBXFileReference; fileEncoding = 4; lastKnownFileType = sourcecode.swift; path = BlurbTableViewCell.swift; sourceTree = "<group>"; };
		2501C52D1ED6C6DD00969F0B /* BlurbTableViewCell.xib */ = {isa = PBXFileReference; fileEncoding = 4; lastKnownFileType = file.xib; path = BlurbTableViewCell.xib; sourceTree = "<group>"; };
		2501C5301ED6C70E00969F0B /* BlurbViewModel.swift */ = {isa = PBXFileReference; fileEncoding = 4; lastKnownFileType = sourcecode.swift; path = BlurbViewModel.swift; sourceTree = "<group>"; };
		2512CD0A1EE193A200B92CE8 /* UIImage+Additions.swift */ = {isa = PBXFileReference; fileEncoding = 4; lastKnownFileType = sourcecode.swift; path = "UIImage+Additions.swift"; sourceTree = "<group>"; };
		25273B7F1ED6FEAE00B63BF7 /* MapViewTableViewCell.swift */ = {isa = PBXFileReference; fileEncoding = 4; lastKnownFileType = sourcecode.swift; path = MapViewTableViewCell.swift; sourceTree = "<group>"; };
		25273B801ED6FEAE00B63BF7 /* MapViewTableViewCell.xib */ = {isa = PBXFileReference; fileEncoding = 4; lastKnownFileType = file.xib; path = MapViewTableViewCell.xib; sourceTree = "<group>"; };
		25273B831ED7019800B63BF7 /* Maps.xcassets */ = {isa = PBXFileReference; lastKnownFileType = folder.assetcatalog; path = Maps.xcassets; sourceTree = "<group>"; };
		252811911ED1B2F300DFEE6A /* PagerHeaderComponent.swift */ = {isa = PBXFileReference; fileEncoding = 4; lastKnownFileType = sourcecode.swift; path = PagerHeaderComponent.swift; sourceTree = "<group>"; };
		252811931ED1B45B00DFEE6A /* PageHeaderTableViewCell.swift */ = {isa = PBXFileReference; fileEncoding = 4; lastKnownFileType = sourcecode.swift; path = PageHeaderTableViewCell.swift; sourceTree = "<group>"; };
		25318B151CFD792300691791 /* CPAFirebaseService.h */ = {isa = PBXFileReference; fileEncoding = 4; lastKnownFileType = sourcecode.c.h; path = CPAFirebaseService.h; sourceTree = "<group>"; };
		25318B161CFD794000691791 /* CPAFirebaseDefaultService.h */ = {isa = PBXFileReference; fileEncoding = 4; lastKnownFileType = sourcecode.c.h; path = CPAFirebaseDefaultService.h; sourceTree = "<group>"; };
		25318B171CFD794000691791 /* CPAFirebaseDefaultService.m */ = {isa = PBXFileReference; fileEncoding = 4; lastKnownFileType = sourcecode.c.objc; path = CPAFirebaseDefaultService.m; sourceTree = "<group>"; };
		25318B1A1CFD7EA700691791 /* CPAObject.h */ = {isa = PBXFileReference; fileEncoding = 4; lastKnownFileType = sourcecode.c.h; path = CPAObject.h; sourceTree = "<group>"; };
		25318B1B1CFD7EA700691791 /* CPAObject.m */ = {isa = PBXFileReference; fileEncoding = 4; lastKnownFileType = sourcecode.c.objc; path = CPAObject.m; sourceTree = "<group>"; };
		25318B201CFD93D800691791 /* CPASponsorTier.h */ = {isa = PBXFileReference; fileEncoding = 4; lastKnownFileType = sourcecode.c.h; path = CPASponsorTier.h; sourceTree = "<group>"; };
		25318B211CFD93D800691791 /* CPASponsorTier.m */ = {isa = PBXFileReference; fileEncoding = 4; lastKnownFileType = sourcecode.c.objc; path = CPASponsorTier.m; sourceTree = "<group>"; };
		25318B241CFDE51800691791 /* CPAFirebaseStorage.h */ = {isa = PBXFileReference; lastKnownFileType = sourcecode.c.h; path = CPAFirebaseStorage.h; sourceTree = "<group>"; };
		25F4BF001ED1C57300F45E13 /* Common.strings */ = {isa = PBXFileReference; fileEncoding = 4; lastKnownFileType = text.plist.strings; name = Common.strings; path = strings/Common.strings; sourceTree = "<group>"; };
		25F4BF021ED1DACB00F45E13 /* ContentTableViewCell.swift */ = {isa = PBXFileReference; fileEncoding = 4; lastKnownFileType = sourcecode.swift; name = ContentTableViewCell.swift; path = ../ContentTableViewCell.swift; sourceTree = "<group>"; };
		25F4BF031ED1DACB00F45E13 /* ContentTableViewCell.xib */ = {isa = PBXFileReference; fileEncoding = 4; lastKnownFileType = file.xib; name = ContentTableViewCell.xib; path = ../ContentTableViewCell.xib; sourceTree = "<group>"; };
		25F4BF071ED1DE6D00F45E13 /* ContentViewModel.swift */ = {isa = PBXFileReference; fileEncoding = 4; lastKnownFileType = sourcecode.swift; path = ContentViewModel.swift; sourceTree = "<group>"; };
		4453ED131CF9EA2C0028C8E0 /* Coolest Projects.app */ = {isa = PBXFileReference; explicitFileType = wrapper.application; includeInIndex = 0; path = "Coolest Projects.app"; sourceTree = BUILT_PRODUCTS_DIR; };
		4453ED171CF9EA2C0028C8E0 /* main.m */ = {isa = PBXFileReference; lastKnownFileType = sourcecode.c.objc; path = main.m; sourceTree = "<group>"; };
		4453ED191CF9EA2C0028C8E0 /* AppDelegate.h */ = {isa = PBXFileReference; lastKnownFileType = sourcecode.c.h; path = AppDelegate.h; sourceTree = "<group>"; };
		4453ED1A1CF9EA2C0028C8E0 /* AppDelegate.m */ = {isa = PBXFileReference; lastKnownFileType = sourcecode.c.objc; path = AppDelegate.m; sourceTree = "<group>"; };
		4453ED201CF9EA2C0028C8E0 /* Base */ = {isa = PBXFileReference; lastKnownFileType = file.storyboard; name = Base; path = Base.lproj/Main.storyboard; sourceTree = "<group>"; };
		4453ED221CF9EA2C0028C8E0 /* Assets.xcassets */ = {isa = PBXFileReference; lastKnownFileType = folder.assetcatalog; path = Assets.xcassets; sourceTree = "<group>"; };
		4453ED271CF9EA2C0028C8E0 /* Info.plist */ = {isa = PBXFileReference; lastKnownFileType = text.plist.xml; path = Info.plist; sourceTree = "<group>"; };
		4453ED2C1CF9EA2D0028C8E0 /* CoolestProjectsTests.xctest */ = {isa = PBXFileReference; explicitFileType = wrapper.cfbundle; includeInIndex = 0; path = CoolestProjectsTests.xctest; sourceTree = BUILT_PRODUCTS_DIR; };
		4453ED321CF9EA2D0028C8E0 /* Info.plist */ = {isa = PBXFileReference; lastKnownFileType = text.plist.xml; path = Info.plist; sourceTree = "<group>"; };
		44980DAC1D05CE7000C26765 /* Speakers.xcassets */ = {isa = PBXFileReference; lastKnownFileType = folder.assetcatalog; name = Speakers.xcassets; path = images/Speakers.xcassets; sourceTree = "<group>"; };
		4597A15428DCEA5BAE8EAE8B /* Pods-CoolestProjects.release.xcconfig */ = {isa = PBXFileReference; includeInIndex = 1; lastKnownFileType = text.xcconfig; name = "Pods-CoolestProjects.release.xcconfig"; path = "Pods/Target Support Files/Pods-CoolestProjects/Pods-CoolestProjects.release.xcconfig"; sourceTree = "<group>"; };
		49BF7892A648D3451D22C052 /* Pods-CoolestProjects.debug.xcconfig */ = {isa = PBXFileReference; includeInIndex = 1; lastKnownFileType = text.xcconfig; name = "Pods-CoolestProjects.debug.xcconfig"; path = "Pods/Target Support Files/Pods-CoolestProjects/Pods-CoolestProjects.debug.xcconfig"; sourceTree = "<group>"; };
		7A77BE0BE8745848AD692EC7 /* Pods-CoolestProjectsTests.debug.xcconfig */ = {isa = PBXFileReference; includeInIndex = 1; lastKnownFileType = text.xcconfig; name = "Pods-CoolestProjectsTests.debug.xcconfig"; path = "Pods/Target Support Files/Pods-CoolestProjectsTests/Pods-CoolestProjectsTests.debug.xcconfig"; sourceTree = "<group>"; };
		7E426E6F1ED09946006BA833 /* PageHeaderView.swift */ = {isa = PBXFileReference; fileEncoding = 4; lastKnownFileType = sourcecode.swift; name = PageHeaderView.swift; path = ../PageHeaderView.swift; sourceTree = "<group>"; };
		7E426E701ED09946006BA833 /* PageHeaderView.xib */ = {isa = PBXFileReference; fileEncoding = 4; lastKnownFileType = file.xib; name = PageHeaderView.xib; path = ../PageHeaderView.xib; sourceTree = "<group>"; };
		7E7AAC121EDB27A700B4A36C /* AboutViewController.swift */ = {isa = PBXFileReference; fileEncoding = 4; lastKnownFileType = sourcecode.swift; path = AboutViewController.swift; sourceTree = "<group>"; };
		7E7AAC131EDB27A700B4A36C /* AboutViewController.xib */ = {isa = PBXFileReference; fileEncoding = 4; lastKnownFileType = file.xib; path = AboutViewController.xib; sourceTree = "<group>"; };
		7E7AAC171EDB301600B4A36C /* AboutViewTableViewCell.swift */ = {isa = PBXFileReference; fileEncoding = 4; lastKnownFileType = sourcecode.swift; path = AboutViewTableViewCell.swift; sourceTree = "<group>"; };
		7E7AAC181EDB301600B4A36C /* AboutViewTableViewCell.xib */ = {isa = PBXFileReference; fileEncoding = 4; lastKnownFileType = file.xib; path = AboutViewTableViewCell.xib; sourceTree = "<group>"; };
		7E7AAC1C1EDB315F00B4A36C /* AboutModel.swift */ = {isa = PBXFileReference; fileEncoding = 4; lastKnownFileType = sourcecode.swift; path = AboutModel.swift; sourceTree = "<group>"; };
		7E7AAC1E1EDB370500B4A36C /* About.xcassets */ = {isa = PBXFileReference; lastKnownFileType = folder.assetcatalog; path = About.xcassets; sourceTree = "<group>"; };
		9B0DB3E11D05B71C00F41956 /* BaseViewController.swift */ = {isa = PBXFileReference; fileEncoding = 4; lastKnownFileType = sourcecode.swift; path = BaseViewController.swift; sourceTree = "<group>"; };
		9B1064221EDCA6F500395CAA /* GemsViewController.swift */ = {isa = PBXFileReference; fileEncoding = 4; lastKnownFileType = sourcecode.swift; path = GemsViewController.swift; sourceTree = "<group>"; };
		9B1064261EDCA71600395CAA /* GemsViewModel.swift */ = {isa = PBXFileReference; fileEncoding = 4; lastKnownFileType = sourcecode.swift; path = GemsViewModel.swift; sourceTree = "<group>"; };
		9B1064281EDCBE7B00395CAA /* GemsViewController.xib */ = {isa = PBXFileReference; fileEncoding = 4; lastKnownFileType = file.xib; path = GemsViewController.xib; sourceTree = "<group>"; };
		9B10642F1EDDF60A00395CAA /* GemTableViewCell.swift */ = {isa = PBXFileReference; fileEncoding = 4; lastKnownFileType = sourcecode.swift; path = GemTableViewCell.swift; sourceTree = "<group>"; };
		9B1064301EDDF60A00395CAA /* GemTableViewCell.xib */ = {isa = PBXFileReference; fileEncoding = 4; lastKnownFileType = file.xib; path = GemTableViewCell.xib; sourceTree = "<group>"; };
		9B5907811D05ECE300FCE40D /* MapsViewController.swift */ = {isa = PBXFileReference; fileEncoding = 4; lastKnownFileType = sourcecode.swift; path = MapsViewController.swift; sourceTree = "<group>"; };
		9B5907831D05ED0200FCE40D /* MapsViewController.xib */ = {isa = PBXFileReference; fileEncoding = 4; lastKnownFileType = file.xib; path = MapsViewController.xib; sourceTree = "<group>"; };
		9B5907891D05F07600FCE40D /* MapsModel.swift */ = {isa = PBXFileReference; fileEncoding = 4; lastKnownFileType = sourcecode.swift; path = MapsModel.swift; sourceTree = "<group>"; };
		9B69D8BA1ED95B470027795E /* BluetoothBoxTableViewCell.swift */ = {isa = PBXFileReference; fileEncoding = 4; lastKnownFileType = sourcecode.swift; path = BluetoothBoxTableViewCell.swift; sourceTree = "<group>"; };
		9B69D8BB1ED95B470027795E /* BluetoothBoxTableViewCell.xib */ = {isa = PBXFileReference; fileEncoding = 4; lastKnownFileType = file.xib; path = BluetoothBoxTableViewCell.xib; sourceTree = "<group>"; };
		9B7426291EA3A46800945794 /* CPARegion.h */ = {isa = PBXFileReference; fileEncoding = 4; lastKnownFileType = sourcecode.c.h; path = CPARegion.h; sourceTree = "<group>"; };
		9B74262A1EA3A46800945794 /* CPARegion.m */ = {isa = PBXFileReference; fileEncoding = 4; lastKnownFileType = sourcecode.c.objc; path = CPARegion.m; sourceTree = "<group>"; };
		9B74262C1EA3A4FA00945794 /* CPABeacon.h */ = {isa = PBXFileReference; fileEncoding = 4; lastKnownFileType = sourcecode.c.h; path = CPABeacon.h; sourceTree = "<group>"; };
		9B74262D1EA3A4FA00945794 /* CPABeacon.m */ = {isa = PBXFileReference; fileEncoding = 4; lastKnownFileType = sourcecode.c.objc; path = CPABeacon.m; sourceTree = "<group>"; };
		9B842DA11EC88FE300EF9540 /* CPADeeplinkManager.swift */ = {isa = PBXFileReference; fileEncoding = 4; lastKnownFileType = sourcecode.swift; path = CPADeeplinkManager.swift; sourceTree = "<group>"; };
		A90364931CFF9CD60089B351 /* HomeViewModel.swift */ = {isa = PBXFileReference; fileEncoding = 4; lastKnownFileType = sourcecode.swift; path = HomeViewModel.swift; sourceTree = "<group>"; };
		A91C078D1D00E3DC005271FE /* Boxes.swift */ = {isa = PBXFileReference; fileEncoding = 4; lastKnownFileType = sourcecode.swift; path = Boxes.swift; sourceTree = "<group>"; };
		A91C079A1D00EC3F005271FE /* HomeViewController.swift */ = {isa = PBXFileReference; fileEncoding = 4; lastKnownFileType = sourcecode.swift; name = HomeViewController.swift; path = HomeViewController/HomeViewController.swift; sourceTree = "<group>"; };
		A91C079B1D00EC3F005271FE /* HomeViewController.xib */ = {isa = PBXFileReference; fileEncoding = 4; lastKnownFileType = file.xib; name = HomeViewController.xib; path = HomeViewController/HomeViewController.xib; sourceTree = "<group>"; };
		A91C07A51D0101C5005271FE /* Localizable.strings */ = {isa = PBXFileReference; fileEncoding = 4; lastKnownFileType = text.plist.strings; name = Localizable.strings; path = strings/Localizable.strings; sourceTree = "<group>"; };
		A93BCD261D0DFA8000005DB2 /* Coderdojo2015-107.jpg */ = {isa = PBXFileReference; lastKnownFileType = image.jpeg; name = "Coderdojo2015-107.jpg"; path = "images/about/Coderdojo2015-107.jpg"; sourceTree = "<group>"; };
		A93BCD271D0DFA8000005DB2 /* Coderdojo2015-547.jpg */ = {isa = PBXFileReference; lastKnownFileType = image.jpeg; name = "Coderdojo2015-547.jpg"; path = "images/about/Coderdojo2015-547.jpg"; sourceTree = "<group>"; };
		A93BCD281D0DFA8000005DB2 /* Coderdojo2015-569.jpg */ = {isa = PBXFileReference; lastKnownFileType = image.jpeg; name = "Coderdojo2015-569.jpg"; path = "images/about/Coderdojo2015-569.jpg"; sourceTree = "<group>"; };
		A93BCD291D0DFA8000005DB2 /* Coderdojo2015-813.jpg */ = {isa = PBXFileReference; lastKnownFileType = image.jpeg; name = "Coderdojo2015-813.jpg"; path = "images/about/Coderdojo2015-813.jpg"; sourceTree = "<group>"; };
		A93BCD2A1D0DFA8000005DB2 /* Coderdojo2015-6071.jpg */ = {isa = PBXFileReference; lastKnownFileType = image.jpeg; name = "Coderdojo2015-6071.jpg"; path = "images/about/Coderdojo2015-6071.jpg"; sourceTree = "<group>"; };
		A93BCD301D0DFE4800005DB2 /* CPAAbout.h */ = {isa = PBXFileReference; fileEncoding = 4; lastKnownFileType = sourcecode.c.h; path = CPAAbout.h; sourceTree = "<group>"; };
		A93BCD311D0DFE4800005DB2 /* CPAAbout.m */ = {isa = PBXFileReference; fileEncoding = 4; lastKnownFileType = sourcecode.c.objc; path = CPAAbout.m; sourceTree = "<group>"; };
		A93BCD351D0E232400005DB2 /* Projects.storyboard */ = {isa = PBXFileReference; fileEncoding = 4; lastKnownFileType = file.storyboard; path = Projects.storyboard; sourceTree = "<group>"; };
		A93BCD371D0E249B00005DB2 /* FilterOption.swift */ = {isa = PBXFileReference; fileEncoding = 4; lastKnownFileType = sourcecode.swift; path = FilterOption.swift; sourceTree = "<group>"; };
		A93BCD391D0E24A500005DB2 /* Configurable.swift */ = {isa = PBXFileReference; fileEncoding = 4; lastKnownFileType = sourcecode.swift; path = Configurable.swift; sourceTree = "<group>"; };
		A93BCD3A1D0E24A500005DB2 /* Constants.swift */ = {isa = PBXFileReference; fileEncoding = 4; lastKnownFileType = sourcecode.swift; path = Constants.swift; sourceTree = "<group>"; };
		A96EA6631EA6C7750021990F /* BeaconNotificationsManager.swift */ = {isa = PBXFileReference; fileEncoding = 4; lastKnownFileType = sourcecode.swift; path = BeaconNotificationsManager.swift; sourceTree = "<group>"; };
		A97B8C211EAD55A500B2A512 /* RegionMessageInteraction.swift */ = {isa = PBXFileReference; fileEncoding = 4; lastKnownFileType = sourcecode.swift; path = RegionMessageInteraction.swift; sourceTree = "<group>"; };
		A97B8C231EAD584200B2A512 /* RegionMessageInteractionStore.swift */ = {isa = PBXFileReference; fileEncoding = 4; lastKnownFileType = sourcecode.swift; path = RegionMessageInteractionStore.swift; sourceTree = "<group>"; };
		A97B8C251EAD5A0300B2A512 /* CoolestProjectsTests-Bridging-Header.h */ = {isa = PBXFileReference; lastKnownFileType = sourcecode.c.h; path = "CoolestProjectsTests-Bridging-Header.h"; sourceTree = "<group>"; };
		A97B8C261EAD5A0300B2A512 /* RegionInteractionStoreTest.swift */ = {isa = PBXFileReference; fileEncoding = 4; lastKnownFileType = sourcecode.swift; path = RegionInteractionStoreTest.swift; sourceTree = "<group>"; };
		A97B8C291EAD60F100B2A512 /* RegionInteractions.json */ = {isa = PBXFileReference; fileEncoding = 4; lastKnownFileType = text.json; path = RegionInteractions.json; sourceTree = "<group>"; };
		A97B8C2B1EAD64A900B2A512 /* DataStore.swift */ = {isa = PBXFileReference; fileEncoding = 4; lastKnownFileType = sourcecode.swift; path = DataStore.swift; sourceTree = "<group>"; };
		A97B8C2D1EAD724E00B2A512 /* RegionInteractionsInvalidData.json */ = {isa = PBXFileReference; fileEncoding = 4; lastKnownFileType = text.json; path = RegionInteractionsInvalidData.json; sourceTree = "<group>"; };
		A97B8C341EAEB02800B2A512 /* MessagesService.swift */ = {isa = PBXFileReference; fileEncoding = 4; lastKnownFileType = sourcecode.swift; path = MessagesService.swift; sourceTree = "<group>"; };
		A97B8C361EAEB7EF00B2A512 /* Message.swift */ = {isa = PBXFileReference; fileEncoding = 4; lastKnownFileType = sourcecode.swift; path = Message.swift; sourceTree = "<group>"; };
		A97B8C3B1EB29B1600B2A512 /* Coolest Projects.entitlements */ = {isa = PBXFileReference; lastKnownFileType = text.plist.entitlements; path = "Coolest Projects.entitlements"; sourceTree = "<group>"; };
		A97B8C3C1EC7A18900B2A512 /* CoreBluetooth.framework */ = {isa = PBXFileReference; lastKnownFileType = wrapper.framework; name = CoreBluetooth.framework; path = System/Library/Frameworks/CoreBluetooth.framework; sourceTree = SDKROOT; };
		A97B8C3E1EC7B80A00B2A512 /* BluetoothAlertManager.swift */ = {isa = PBXFileReference; fileEncoding = 4; lastKnownFileType = sourcecode.swift; path = BluetoothAlertManager.swift; sourceTree = "<group>"; };
		A97B8C401EC7BFF600B2A512 /* Alerts.strings */ = {isa = PBXFileReference; fileEncoding = 4; lastKnownFileType = text.plist.strings; path = Alerts.strings; sourceTree = "<group>"; };
		A98010C71D0522E800AABC90 /* Stages.xcassets */ = {isa = PBXFileReference; lastKnownFileType = folder.assetcatalog; name = Stages.xcassets; path = images/Stages.xcassets; sourceTree = "<group>"; };
		A9D9D37D1ED38C3B001CE6F1 /* BeaconRegionInteractionStore.swift */ = {isa = PBXFileReference; fileEncoding = 4; lastKnownFileType = sourcecode.swift; path = BeaconRegionInteractionStore.swift; sourceTree = "<group>"; };
		A9D9D37E1ED38C3B001CE6F1 /* BeaconRegionInteraction.swift */ = {isa = PBXFileReference; fileEncoding = 4; lastKnownFileType = sourcecode.swift; path = BeaconRegionInteraction.swift; sourceTree = "<group>"; };
		A9F8DB4D1D0331C100ECE1F3 /* Home.strings */ = {isa = PBXFileReference; fileEncoding = 4; lastKnownFileType = text.plist.strings; name = Home.strings; path = strings/Home.strings; sourceTree = "<group>"; };
		A9F8DB501D03332700ECE1F3 /* Home.xcassets */ = {isa = PBXFileReference; lastKnownFileType = folder.assetcatalog; name = Home.xcassets; path = images/Home.xcassets; sourceTree = "<group>"; };
		A9F8DB611D03623B00ECE1F3 /* SponsorBoxTableViewCell.swift */ = {isa = PBXFileReference; fileEncoding = 4; lastKnownFileType = sourcecode.swift; name = SponsorBoxTableViewCell.swift; path = SponsorBoxTableViewCell/SponsorBoxTableViewCell.swift; sourceTree = "<group>"; };
		A9F8DB621D03623B00ECE1F3 /* SponsorBoxTableViewCell.xib */ = {isa = PBXFileReference; fileEncoding = 4; lastKnownFileType = file.xib; name = SponsorBoxTableViewCell.xib; path = SponsorBoxTableViewCell/SponsorBoxTableViewCell.xib; sourceTree = "<group>"; };
		A9F8DB661D03716D00ECE1F3 /* HomeTableFooterView.xib */ = {isa = PBXFileReference; fileEncoding = 4; lastKnownFileType = file.xib; name = HomeTableFooterView.xib; path = HomeTableFooterView/HomeTableFooterView.xib; sourceTree = "<group>"; };
		A9F8DB6A1D0376BA00ECE1F3 /* HomeTableFooterView.swift */ = {isa = PBXFileReference; fileEncoding = 4; lastKnownFileType = sourcecode.swift; name = HomeTableFooterView.swift; path = HomeTableFooterView/HomeTableFooterView.swift; sourceTree = "<group>"; };
		AF3EA0E8EA5C1F40CE3BC099 /* CPASponsor.h */ = {isa = PBXFileReference; fileEncoding = 4; lastKnownFileType = sourcecode.c.h; path = CPASponsor.h; sourceTree = "<group>"; };
		AF3EA519C673E3A958BF8F77 /* CPASponsor.m */ = {isa = PBXFileReference; fileEncoding = 4; lastKnownFileType = sourcecode.c.objc; path = CPASponsor.m; sourceTree = "<group>"; };
		B79C00AFD0642BD176EED0D2 /* CoolestProjects-Bridging-Header.h */ = {isa = PBXFileReference; fileEncoding = 4; lastKnownFileType = sourcecode.c.h; path = "CoolestProjects-Bridging-Header.h"; sourceTree = "<group>"; };
		B79C04472D5989530374B57A /* GoogleService-Info.plist */ = {isa = PBXFileReference; fileEncoding = 4; lastKnownFileType = text.plist.info; path = "GoogleService-Info.plist"; sourceTree = "<group>"; };
		B79C045F341C1FEA00B4A605 /* OpenSans-Regular.ttf */ = {isa = PBXFileReference; lastKnownFileType = file.ttf; path = "OpenSans-Regular.ttf"; sourceTree = "<group>"; };
		B79C051731B8A634DF461065 /* OpenSans-Light.ttf */ = {isa = PBXFileReference; lastKnownFileType = file.ttf; path = "OpenSans-Light.ttf"; sourceTree = "<group>"; };
		B79C05458A577A69B366BA10 /* OpenSans-Semibold.ttf */ = {isa = PBXFileReference; lastKnownFileType = file.ttf; path = "OpenSans-Semibold.ttf"; sourceTree = "<group>"; };
		E10F18F81D06F8C500AE44AC /* Menu.strings */ = {isa = PBXFileReference; fileEncoding = 4; lastKnownFileType = text.plist.strings; name = Menu.strings; path = strings/Menu.strings; sourceTree = "<group>"; };
		E1C603F41D0C74F600931C38 /* MapZoomViewController.swift */ = {isa = PBXFileReference; fileEncoding = 4; lastKnownFileType = sourcecode.swift; path = MapZoomViewController.swift; sourceTree = "<group>"; };
		E1C603F61D0C751400931C38 /* MapZoomViewController.xib */ = {isa = PBXFileReference; fileEncoding = 4; lastKnownFileType = file.xib; path = MapZoomViewController.xib; sourceTree = "<group>"; };
		E1C603FB1D0DD78800931C38 /* SponsorTableViewCell.swift */ = {isa = PBXFileReference; fileEncoding = 4; lastKnownFileType = sourcecode.swift; path = SponsorTableViewCell.swift; sourceTree = "<group>"; };
		E1C603FC1D0DD78800931C38 /* SponsorTableViewCell.xib */ = {isa = PBXFileReference; fileEncoding = 4; lastKnownFileType = file.xib; path = SponsorTableViewCell.xib; sourceTree = "<group>"; };
		E1C603FE1D0DD78800931C38 /* SponsorTableViewHeader.swift */ = {isa = PBXFileReference; fileEncoding = 4; lastKnownFileType = sourcecode.swift; path = SponsorTableViewHeader.swift; sourceTree = "<group>"; };
		E1C604001D0DD78800931C38 /* SponsorsViewController.swift */ = {isa = PBXFileReference; fileEncoding = 4; lastKnownFileType = sourcecode.swift; path = SponsorsViewController.swift; sourceTree = "<group>"; };
		E1C604011D0DD78800931C38 /* SponsorsViewController.xib */ = {isa = PBXFileReference; fileEncoding = 4; lastKnownFileType = file.xib; path = SponsorsViewController.xib; sourceTree = "<group>"; };
		E1C604031D0DD78800931C38 /* SponsorTrierViewModel.swift */ = {isa = PBXFileReference; fileEncoding = 4; lastKnownFileType = sourcecode.swift; path = SponsorTrierViewModel.swift; sourceTree = "<group>"; };
		E1C604121D0DD7E100931C38 /* Project.swift */ = {isa = PBXFileReference; fileEncoding = 4; lastKnownFileType = sourcecode.swift; path = Project.swift; sourceTree = "<group>"; };
		E1C604131D0DD7E100931C38 /* ProjectsFilterOptionsViewController.swift */ = {isa = PBXFileReference; fileEncoding = 4; lastKnownFileType = sourcecode.swift; path = ProjectsFilterOptionsViewController.swift; sourceTree = "<group>"; };
		E1C604141D0DD7E100931C38 /* ProjectsService.swift */ = {isa = PBXFileReference; fileEncoding = 4; lastKnownFileType = sourcecode.swift; path = ProjectsService.swift; sourceTree = "<group>"; };
		E1C604151D0DD7E100931C38 /* ProjectsStore.swift */ = {isa = PBXFileReference; fileEncoding = 4; lastKnownFileType = sourcecode.swift; path = ProjectsStore.swift; sourceTree = "<group>"; };
		E1C604161D0DD7E100931C38 /* ProjectsViewController.swift */ = {isa = PBXFileReference; fileEncoding = 4; lastKnownFileType = sourcecode.swift; path = ProjectsViewController.swift; sourceTree = "<group>"; };
		E1C604171D0DD7E100931C38 /* ProjectTableViewCell.swift */ = {isa = PBXFileReference; fileEncoding = 4; lastKnownFileType = sourcecode.swift; path = ProjectTableViewCell.swift; sourceTree = "<group>"; };
		E1C6041E1D0DD7EF00931C38 /* Sponsors.strings */ = {isa = PBXFileReference; fileEncoding = 4; lastKnownFileType = text.plist.strings; path = Sponsors.strings; sourceTree = "<group>"; };
		E1C604221D0DD8C800931C38 /* About.strings */ = {isa = PBXFileReference; fileEncoding = 4; lastKnownFileType = text.plist.strings; name = About.strings; path = strings/About.strings; sourceTree = "<group>"; };
		E1C604261D0DD93400931C38 /* Projects.strings */ = {isa = PBXFileReference; fileEncoding = 4; lastKnownFileType = text.plist.strings; name = Projects.strings; path = strings/Projects.strings; sourceTree = "<group>"; };
		E1C604281D0DD94A00931C38 /* Settings.bundle */ = {isa = PBXFileReference; lastKnownFileType = "wrapper.plug-in"; path = Settings.bundle; sourceTree = "<group>"; };
		E1C6042E1D0DDC9D00931C38 /* about.html */ = {isa = PBXFileReference; fileEncoding = 4; lastKnownFileType = text.html; path = about.html; sourceTree = "<group>"; };
		E1C604301D0DDD0E00931C38 /* Maps.strings */ = {isa = PBXFileReference; fileEncoding = 4; lastKnownFileType = text.plist.strings; name = Maps.strings; path = strings/Maps.strings; sourceTree = "<group>"; };
		F4C963232B4882A7A78E90F5 /* Pods-CoolestProjectsTests.release.xcconfig */ = {isa = PBXFileReference; includeInIndex = 1; lastKnownFileType = text.xcconfig; name = "Pods-CoolestProjectsTests.release.xcconfig"; path = "Pods/Target Support Files/Pods-CoolestProjectsTests/Pods-CoolestProjectsTests.release.xcconfig"; sourceTree = "<group>"; };
/* End PBXFileReference section */

/* Begin PBXFrameworksBuildPhase section */
		4453ED101CF9EA2C0028C8E0 /* Frameworks */ = {
			isa = PBXFrameworksBuildPhase;
			buildActionMask = 2147483647;
			files = (
				A97B8C3D1EC7A18900B2A512 /* CoreBluetooth.framework in Frameworks */,
				3A02C858EBAB3C0EB32DEEC3 /* Pods_CoolestProjects.framework in Frameworks */,
			);
			runOnlyForDeploymentPostprocessing = 0;
		};
		4453ED291CF9EA2D0028C8E0 /* Frameworks */ = {
			isa = PBXFrameworksBuildPhase;
			buildActionMask = 2147483647;
			files = (
				134565DF1F7980FF191C5DD6 /* Pods_CoolestProjectsTests.framework in Frameworks */,
			);
			runOnlyForDeploymentPostprocessing = 0;
		};
/* End PBXFrameworksBuildPhase section */

/* Begin PBXGroup section */
		0D2E551E1EDAC82000262A49 /* HallsViewController */ = {
			isa = PBXGroup;
			children = (
				0D2E551F1EDAC82F00262A49 /* HallsViewController.xib */,
				0D2E55211EDAC84200262A49 /* HallsViewController.swift */,
			);
			path = HallsViewController;
			sourceTree = "<group>";
		};
		0D6D56C21ED7966A0036B51A /* ScheduleService */ = {
			isa = PBXGroup;
			children = (
				0D6D56BC1ED783D00036B51A /* Halls.swift */,
				0D6D56BE1ED785E30036B51A /* Halls+Decodable.swift */,
				0D6D56C31ED796770036B51A /* ScheduleService.swift */,
			);
			path = ScheduleService;
			sourceTree = "<group>";
		};
		0D6D56C51ED7A5C10036B51A /* Halls */ = {
			isa = PBXGroup;
			children = (
				0D2E551E1EDAC82000262A49 /* HallsViewController */,
				0DA43D181ED9D97B00ADDBED /* HallActivitiesViewController */,
				0DA43D151ED9D1BC00ADDBED /* HallsDataSources */,
				0DA43D0D1ED9D03700ADDBED /* WorkshopTableViewCell */,
				0DA43CFF1ED9B73700ADDBED /* PanelTableViewCell */,
				0DA43D041ED9BA9300ADDBED /* PanelSpeakerView */,
			);
			path = Halls;
			sourceTree = "<group>";
		};
		0DA2D0121EDCC40C007F7E51 /* TabBarController */ = {
			isa = PBXGroup;
			children = (
				0DA2D0131EDCC438007F7E51 /* MainTabBarController.swift */,
			);
			path = TabBarController;
			sourceTree = "<group>";
		};
		0DA43CFF1ED9B73700ADDBED /* PanelTableViewCell */ = {
			isa = PBXGroup;
			children = (
				0DA43D021ED9BA8900ADDBED /* PanelTableViewCell.xib */,
				0DA43D001ED9B74D00ADDBED /* PanelTableViewCell.swift */,
			);
			path = PanelTableViewCell;
			sourceTree = "<group>";
		};
		0DA43D041ED9BA9300ADDBED /* PanelSpeakerView */ = {
			isa = PBXGroup;
			children = (
				0DA43D051ED9BA9300ADDBED /* PanelSpeakerView.swift */,
				0DA43D061ED9BA9300ADDBED /* PanelSpeakerView.xib */,
			);
			path = PanelSpeakerView;
			sourceTree = "<group>";
		};
		0DA43D0D1ED9D03700ADDBED /* WorkshopTableViewCell */ = {
			isa = PBXGroup;
			children = (
				0DA43D0E1ED9D06800ADDBED /* WorkshopTableViewCell.swift */,
				0DA43D0F1ED9D06800ADDBED /* WorkshopTableViewCell.xib */,
			);
			path = WorkshopTableViewCell;
			sourceTree = "<group>";
		};
		0DA43D151ED9D1BC00ADDBED /* HallsDataSources */ = {
			isa = PBXGroup;
			children = (
				0DA43D161ED9D1C700ADDBED /* HallsDataSources.swift */,
			);
			path = HallsDataSources;
			sourceTree = "<group>";
		};
		0DA43D181ED9D97B00ADDBED /* HallActivitiesViewController */ = {
			isa = PBXGroup;
			children = (
				0DA43D191ED9D99D00ADDBED /* HallActivitiesViewController.xib */,
				0DA43D1B1ED9D9AA00ADDBED /* HallActivitiesViewController.swift */,
			);
			path = HallActivitiesViewController;
			sourceTree = "<group>";
		};
		0DB8E7071ED4B9BD001861D8 /* GlossExtensions */ = {
			isa = PBXGroup;
			children = (
				0DB8E7081ED4BA04001861D8 /* Array+Gloss.swift */,
			);
			path = GlossExtensions;
			sourceTree = "<group>";
		};
		2501C52B1ED6C6DD00969F0B /* BlurbTableViewCell */ = {
			isa = PBXGroup;
			children = (
				2501C52C1ED6C6DD00969F0B /* BlurbTableViewCell.swift */,
				2501C52D1ED6C6DD00969F0B /* BlurbTableViewCell.xib */,
				2501C5301ED6C70E00969F0B /* BlurbViewModel.swift */,
			);
			path = BlurbTableViewCell;
			sourceTree = "<group>";
		};
		252811901ED1AE7900DFEE6A /* PageHeader */ = {
			isa = PBXGroup;
			children = (
				7E426E6F1ED09946006BA833 /* PageHeaderView.swift */,
				7E426E701ED09946006BA833 /* PageHeaderView.xib */,
				252811911ED1B2F300DFEE6A /* PagerHeaderComponent.swift */,
				252811931ED1B45B00DFEE6A /* PageHeaderTableViewCell.swift */,
			);
			path = PageHeader;
			sourceTree = "<group>";
		};
		25318B141CFD761600691791 /* Services */ = {
			isa = PBXGroup;
			children = (
				0D6D56C21ED7966A0036B51A /* ScheduleService */,
				A97B8C2F1EAEAFD900B2A512 /* MessagesService */,
				25318B191CFD7E8700691791 /* Models */,
				25318B151CFD792300691791 /* CPAFirebaseService.h */,
				25318B161CFD794000691791 /* CPAFirebaseDefaultService.h */,
				25318B171CFD794000691791 /* CPAFirebaseDefaultService.m */,
				25318B241CFDE51800691791 /* CPAFirebaseStorage.h */,
			);
			path = Services;
			sourceTree = SOURCE_ROOT;
		};
		25318B191CFD7E8700691791 /* Models */ = {
			isa = PBXGroup;
			children = (
				25318B1A1CFD7EA700691791 /* CPAObject.h */,
				25318B1B1CFD7EA700691791 /* CPAObject.m */,
				AF3EA519C673E3A958BF8F77 /* CPASponsor.m */,
				AF3EA0E8EA5C1F40CE3BC099 /* CPASponsor.h */,
				25318B201CFD93D800691791 /* CPASponsorTier.h */,
				25318B211CFD93D800691791 /* CPASponsorTier.m */,
				A93BCD301D0DFE4800005DB2 /* CPAAbout.h */,
				A93BCD311D0DFE4800005DB2 /* CPAAbout.m */,
				9B7426291EA3A46800945794 /* CPARegion.h */,
				9B74262A1EA3A46800945794 /* CPARegion.m */,
				9B74262C1EA3A4FA00945794 /* CPABeacon.h */,
				9B74262D1EA3A4FA00945794 /* CPABeacon.m */,
				A97B8C361EAEB7EF00B2A512 /* Message.swift */,
			);
			path = Models;
			sourceTree = "<group>";
		};
		25F4BF061ED1DCBC00F45E13 /* ContentCell */ = {
			isa = PBXGroup;
			children = (
				25F4BF021ED1DACB00F45E13 /* ContentTableViewCell.swift */,
				25F4BF031ED1DACB00F45E13 /* ContentTableViewCell.xib */,
				25F4BF071ED1DE6D00F45E13 /* ContentViewModel.swift */,
			);
			path = ContentCell;
			sourceTree = "<group>";
		};
		3AD7F2D99627191D90A5E791 /* Pods */ = {
			isa = PBXGroup;
			children = (
				49BF7892A648D3451D22C052 /* Pods-CoolestProjects.debug.xcconfig */,
				4597A15428DCEA5BAE8EAE8B /* Pods-CoolestProjects.release.xcconfig */,
				7A77BE0BE8745848AD692EC7 /* Pods-CoolestProjectsTests.debug.xcconfig */,
				F4C963232B4882A7A78E90F5 /* Pods-CoolestProjectsTests.release.xcconfig */,
			);
			name = Pods;
			sourceTree = "<group>";
		};
		4453ED0A1CF9EA2C0028C8E0 = {
			isa = PBXGroup;
			children = (
				4453ED151CF9EA2C0028C8E0 /* CoolestProjects */,
				4453ED2F1CF9EA2D0028C8E0 /* CoolestProjectsTests */,
				4453ED141CF9EA2C0028C8E0 /* Products */,
				3AD7F2D99627191D90A5E791 /* Pods */,
				A8B1DA2B3A2CA95451BA172C /* Frameworks */,
			);
			sourceTree = "<group>";
		};
		4453ED141CF9EA2C0028C8E0 /* Products */ = {
			isa = PBXGroup;
			children = (
				4453ED131CF9EA2C0028C8E0 /* Coolest Projects.app */,
				4453ED2C1CF9EA2D0028C8E0 /* CoolestProjectsTests.xctest */,
			);
			name = Products;
			sourceTree = "<group>";
		};
		4453ED151CF9EA2C0028C8E0 /* CoolestProjects */ = {
			isa = PBXGroup;
			children = (
				9B10641B1EDCA21B00395CAA /* Gems */,
				0DA2D0121EDCC40C007F7E51 /* TabBarController */,
				0D6D56C51ED7A5C10036B51A /* Halls */,
				0DB8E7071ED4B9BD001861D8 /* GlossExtensions */,
				9B842DA01EC88FC900EF9540 /* Deeplink */,
				A97B8C3B1EB29B1600B2A512 /* Coolest Projects.entitlements */,
				A97B8C201EAD557900B2A512 /* MessageManager */,
				A96EA6621EA6C7590021990F /* BeaconManager */,
				E1C604111D0DD7E100931C38 /* Projects */,
				E1C603F81D0DD78800931C38 /* Sponsors */,
				E1C604041D0DD78800931C38 /* About */,
				9B59077F1D05ECB000FCE40D /* Maps */,
				9B0DB3E01D05B70D00F41956 /* Common */,
				25318B141CFD761600691791 /* Services */,
				4453ED191CF9EA2C0028C8E0 /* AppDelegate.h */,
				4453ED1A1CF9EA2C0028C8E0 /* AppDelegate.m */,
				4453ED1F1CF9EA2C0028C8E0 /* Main.storyboard */,
				4453ED221CF9EA2C0028C8E0 /* Assets.xcassets */,
				4453ED271CF9EA2C0028C8E0 /* Info.plist */,
				4453ED161CF9EA2C0028C8E0 /* Supporting Files */,
				B79C03B5FE2A16B6A9CE193E /* Home */,
				B79C00AFD0642BD176EED0D2 /* CoolestProjects-Bridging-Header.h */,
				B79C06CAAF8371590D2837AC /* Resources */,
			);
			path = CoolestProjects;
			sourceTree = "<group>";
		};
		4453ED161CF9EA2C0028C8E0 /* Supporting Files */ = {
			isa = PBXGroup;
			children = (
				4453ED171CF9EA2C0028C8E0 /* main.m */,
			);
			name = "Supporting Files";
			sourceTree = "<group>";
		};
		4453ED2F1CF9EA2D0028C8E0 /* CoolestProjectsTests */ = {
			isa = PBXGroup;
			children = (
				A97B8C281EAD60C800B2A512 /* FixtureData */,
				4453ED321CF9EA2D0028C8E0 /* Info.plist */,
				A97B8C261EAD5A0300B2A512 /* RegionInteractionStoreTest.swift */,
				A97B8C251EAD5A0300B2A512 /* CoolestProjectsTests-Bridging-Header.h */,
			);
			path = CoolestProjectsTests;
			sourceTree = "<group>";
		};
		7E7AAC161EDB300500B4A36C /* Cell */ = {
			isa = PBXGroup;
			children = (
				7E7AAC171EDB301600B4A36C /* AboutViewTableViewCell.swift */,
				7E7AAC181EDB301600B4A36C /* AboutViewTableViewCell.xib */,
			);
			name = Cell;
			path = cell;
			sourceTree = "<group>";
		};
		7E7AAC1B1EDB315500B4A36C /* Models */ = {
			isa = PBXGroup;
			children = (
				7E7AAC1C1EDB315F00B4A36C /* AboutModel.swift */,
			);
			path = Models;
			sourceTree = "<group>";
		};
		9B0DB3E01D05B70D00F41956 /* Common */ = {
			isa = PBXGroup;
			children = (
				2512CD0A1EE193A200B92CE8 /* UIImage+Additions.swift */,
				0DA43D0B1ED9C4E700ADDBED /* UIColor+Additions.swift */,
				2501C52B1ED6C6DD00969F0B /* BlurbTableViewCell */,
				25F4BF061ED1DCBC00F45E13 /* ContentCell */,
				252811901ED1AE7900DFEE6A /* PageHeader */,
				A93BCD391D0E24A500005DB2 /* Configurable.swift */,
				A93BCD3A1D0E24A500005DB2 /* Constants.swift */,
				9B0DB3E11D05B71C00F41956 /* BaseViewController.swift */,
				A97B8C2B1EAD64A900B2A512 /* DataStore.swift */,
				0D2E55251EDB2E2F00262A49 /* UIFont+Additions.swift */,
			);
			path = Common;
			sourceTree = "<group>";
		};
		9B10641B1EDCA21B00395CAA /* Gems */ = {
			isa = PBXGroup;
			children = (
				9B1064201EDCA6F500395CAA /* ViewModel */,
				9B1064211EDCA6F500395CAA /* View */,
			);
			path = Gems;
			sourceTree = "<group>";
		};
		9B1064201EDCA6F500395CAA /* ViewModel */ = {
			isa = PBXGroup;
			children = (
				9B1064261EDCA71600395CAA /* GemsViewModel.swift */,
			);
			path = ViewModel;
			sourceTree = "<group>";
		};
		9B1064211EDCA6F500395CAA /* View */ = {
			isa = PBXGroup;
			children = (
				9B10642E1EDDF5F600395CAA /* Gems */,
				9B1064221EDCA6F500395CAA /* GemsViewController.swift */,
				9B1064281EDCBE7B00395CAA /* GemsViewController.xib */,
			);
			path = View;
			sourceTree = "<group>";
		};
		9B10642E1EDDF5F600395CAA /* Gems */ = {
			isa = PBXGroup;
			children = (
				9B10642F1EDDF60A00395CAA /* GemTableViewCell.swift */,
				9B1064301EDDF60A00395CAA /* GemTableViewCell.xib */,
			);
			path = Gems;
			sourceTree = "<group>";
		};
		9B59077F1D05ECB000FCE40D /* Maps */ = {
			isa = PBXGroup;
			children = (
				9B5907881D05F06300FCE40D /* Models */,
				9B5907801D05ECC700FCE40D /* MapsViewController */,
			);
			path = Maps;
			sourceTree = "<group>";
		};
		9B5907801D05ECC700FCE40D /* MapsViewController */ = {
			isa = PBXGroup;
			children = (
				E1C603F31D0C74CF00931C38 /* ZoomView */,
				9B59078B1D05F4F300FCE40D /* Cell */,
				9B5907811D05ECE300FCE40D /* MapsViewController.swift */,
				9B5907831D05ED0200FCE40D /* MapsViewController.xib */,
			);
			path = MapsViewController;
			sourceTree = "<group>";
		};
		9B5907881D05F06300FCE40D /* Models */ = {
			isa = PBXGroup;
			children = (
				9B5907891D05F07600FCE40D /* MapsModel.swift */,
			);
			path = Models;
			sourceTree = "<group>";
		};
		9B59078B1D05F4F300FCE40D /* Cell */ = {
			isa = PBXGroup;
			children = (
				25273B7F1ED6FEAE00B63BF7 /* MapViewTableViewCell.swift */,
				25273B801ED6FEAE00B63BF7 /* MapViewTableViewCell.xib */,
			);
			path = Cell;
			sourceTree = "<group>";
		};
		9B69D8B51ED95AC10027795E /* BluetoothBoxTableViewCell */ = {
			isa = PBXGroup;
			children = (
				9B69D8BB1ED95B470027795E /* BluetoothBoxTableViewCell.xib */,
				9B69D8BA1ED95B470027795E /* BluetoothBoxTableViewCell.swift */,
			);
			path = BluetoothBoxTableViewCell;
			sourceTree = "<group>";
		};
		9B842DA01EC88FC900EF9540 /* Deeplink */ = {
			isa = PBXGroup;
			children = (
				9B842DA11EC88FE300EF9540 /* CPADeeplinkManager.swift */,
			);
			path = Deeplink;
			sourceTree = "<group>";
		};
		A8B1DA2B3A2CA95451BA172C /* Frameworks */ = {
			isa = PBXGroup;
			children = (
				A97B8C3C1EC7A18900B2A512 /* CoreBluetooth.framework */,
				194788837311B5F45B6240AD /* Pods_CoolestProjects.framework */,
				1BB508B9D65AD4A13FA74B39 /* Pods_CoolestProjectsTests.framework */,
			);
			name = Frameworks;
			sourceTree = "<group>";
		};
		A91C07991D00EBD9005271FE /* HomeViewController */ = {
			isa = PBXGroup;
			children = (
				A91C079A1D00EC3F005271FE /* HomeViewController.swift */,
				A91C079B1D00EC3F005271FE /* HomeViewController.xib */,
			);
			name = HomeViewController;
			sourceTree = "<group>";
		};
		A91C07A41D01016C005271FE /* strings */ = {
			isa = PBXGroup;
			children = (
				E1C604261D0DD93400931C38 /* Projects.strings */,
				E1C6041E1D0DD7EF00931C38 /* Sponsors.strings */,
				E1C604221D0DD8C800931C38 /* About.strings */,
				A91C07A51D0101C5005271FE /* Localizable.strings */,
				A9F8DB4D1D0331C100ECE1F3 /* Home.strings */,
				E10F18F81D06F8C500AE44AC /* Menu.strings */,
				E1C604301D0DDD0E00931C38 /* Maps.strings */,
				A97B8C401EC7BFF600B2A512 /* Alerts.strings */,
				25F4BF001ED1C57300F45E13 /* Common.strings */,
			);
			name = strings;
			sourceTree = "<group>";
		};
		A93BCD251D0DFA6B00005DB2 /* about */ = {
			isa = PBXGroup;
			children = (
				A93BCD261D0DFA8000005DB2 /* Coderdojo2015-107.jpg */,
				A93BCD271D0DFA8000005DB2 /* Coderdojo2015-547.jpg */,
				A93BCD281D0DFA8000005DB2 /* Coderdojo2015-569.jpg */,
				A93BCD291D0DFA8000005DB2 /* Coderdojo2015-813.jpg */,
				A93BCD2A1D0DFA8000005DB2 /* Coderdojo2015-6071.jpg */,
			);
			name = about;
			sourceTree = "<group>";
		};
		A96EA6621EA6C7590021990F /* BeaconManager */ = {
			isa = PBXGroup;
			children = (
				A9D9D37D1ED38C3B001CE6F1 /* BeaconRegionInteractionStore.swift */,
				A9D9D37E1ED38C3B001CE6F1 /* BeaconRegionInteraction.swift */,
				A96EA6631EA6C7750021990F /* BeaconNotificationsManager.swift */,
				A97B8C3E1EC7B80A00B2A512 /* BluetoothAlertManager.swift */,
			);
			path = BeaconManager;
			sourceTree = "<group>";
		};
		A97B8C201EAD557900B2A512 /* MessageManager */ = {
			isa = PBXGroup;
			children = (
				A97B8C211EAD55A500B2A512 /* RegionMessageInteraction.swift */,
				A97B8C231EAD584200B2A512 /* RegionMessageInteractionStore.swift */,
			);
			path = MessageManager;
			sourceTree = "<group>";
		};
		A97B8C281EAD60C800B2A512 /* FixtureData */ = {
			isa = PBXGroup;
			children = (
				A97B8C291EAD60F100B2A512 /* RegionInteractions.json */,
				A97B8C2D1EAD724E00B2A512 /* RegionInteractionsInvalidData.json */,
			);
			path = FixtureData;
			sourceTree = "<group>";
		};
		A97B8C2F1EAEAFD900B2A512 /* MessagesService */ = {
			isa = PBXGroup;
			children = (
				A97B8C341EAEB02800B2A512 /* MessagesService.swift */,
			);
			path = MessagesService;
			sourceTree = "<group>";
		};
		A9F8DB4F1D03328B00ECE1F3 /* images */ = {
			isa = PBXGroup;
			children = (
				A93BCD251D0DFA6B00005DB2 /* about */,
				44980DAC1D05CE7000C26765 /* Speakers.xcassets */,
				7E7AAC1E1EDB370500B4A36C /* About.xcassets */,
				A9F8DB501D03332700ECE1F3 /* Home.xcassets */,
				A98010C71D0522E800AABC90 /* Stages.xcassets */,
				25273B831ED7019800B63BF7 /* Maps.xcassets */,
			);
			name = images;
			sourceTree = "<group>";
		};
		A9F8DB521D03364600ECE1F3 /* SponsorBoxTableViewCell */ = {
			isa = PBXGroup;
			children = (
				A9F8DB611D03623B00ECE1F3 /* SponsorBoxTableViewCell.swift */,
				A9F8DB621D03623B00ECE1F3 /* SponsorBoxTableViewCell.xib */,
			);
			name = SponsorBoxTableViewCell;
			sourceTree = "<group>";
		};
		A9F8DB651D03713800ECE1F3 /* HomeTableFooterView */ = {
			isa = PBXGroup;
			children = (
				A9F8DB661D03716D00ECE1F3 /* HomeTableFooterView.xib */,
				A9F8DB6A1D0376BA00ECE1F3 /* HomeTableFooterView.swift */,
			);
			name = HomeTableFooterView;
			sourceTree = "<group>";
		};
		B79C002122720CC5142255F4 /* fonts */ = {
			isa = PBXGroup;
			children = (
				B79C051731B8A634DF461065 /* OpenSans-Light.ttf */,
				B79C045F341C1FEA00B4A605 /* OpenSans-Regular.ttf */,
				B79C05458A577A69B366BA10 /* OpenSans-Semibold.ttf */,
			);
			path = fonts;
			sourceTree = "<group>";
		};
		B79C029E25CB434681E0A8AE /* ViewModel */ = {
			isa = PBXGroup;
			children = (
				A90364931CFF9CD60089B351 /* HomeViewModel.swift */,
				A91C078D1D00E3DC005271FE /* Boxes.swift */,
			);
			path = ViewModel;
			sourceTree = "<group>";
		};
		B79C03B5FE2A16B6A9CE193E /* Home */ = {
			isa = PBXGroup;
			children = (
				B79C029E25CB434681E0A8AE /* ViewModel */,
				B79C0E7ADCAC346D03AE0A36 /* View */,
			);
			path = Home;
			sourceTree = "<group>";
		};
		B79C06CAAF8371590D2837AC /* Resources */ = {
			isa = PBXGroup;
			children = (
				E1C6042D1D0DDC9D00931C38 /* html */,
				E1C604281D0DD94A00931C38 /* Settings.bundle */,
				A9F8DB4F1D03328B00ECE1F3 /* images */,
				A91C07A41D01016C005271FE /* strings */,
				B79C002122720CC5142255F4 /* fonts */,
				B79C04472D5989530374B57A /* GoogleService-Info.plist */,
			);
			path = Resources;
			sourceTree = "<group>";
		};
		B79C0E7ADCAC346D03AE0A36 /* View */ = {
			isa = PBXGroup;
			children = (
				9B69D8B51ED95AC10027795E /* BluetoothBoxTableViewCell */,
				A9F8DB651D03713800ECE1F3 /* HomeTableFooterView */,
				A9F8DB521D03364600ECE1F3 /* SponsorBoxTableViewCell */,
				A91C07991D00EBD9005271FE /* HomeViewController */,
			);
			path = View;
			sourceTree = "<group>";
		};
		E1C603F31D0C74CF00931C38 /* ZoomView */ = {
			isa = PBXGroup;
			children = (
				E1C603F41D0C74F600931C38 /* MapZoomViewController.swift */,
				E1C603F61D0C751400931C38 /* MapZoomViewController.xib */,
			);
			path = ZoomView;
			sourceTree = "<group>";
		};
		E1C603F81D0DD78800931C38 /* Sponsors */ = {
			isa = PBXGroup;
			children = (
				E1C603F91D0DD78800931C38 /* View */,
				E1C604021D0DD78800931C38 /* ViewModel */,
			);
			path = Sponsors;
			sourceTree = "<group>";
		};
		E1C603F91D0DD78800931C38 /* View */ = {
			isa = PBXGroup;
			children = (
				E1C603FA1D0DD78800931C38 /* SponsorTableViewCell */,
				E1C603FD1D0DD78800931C38 /* SponsorTableViewHeader */,
				E1C603FF1D0DD78800931C38 /* SponsorViewController */,
			);
			path = View;
			sourceTree = "<group>";
		};
		E1C603FA1D0DD78800931C38 /* SponsorTableViewCell */ = {
			isa = PBXGroup;
			children = (
				E1C603FB1D0DD78800931C38 /* SponsorTableViewCell.swift */,
				E1C603FC1D0DD78800931C38 /* SponsorTableViewCell.xib */,
			);
			path = SponsorTableViewCell;
			sourceTree = "<group>";
		};
		E1C603FD1D0DD78800931C38 /* SponsorTableViewHeader */ = {
			isa = PBXGroup;
			children = (
				E1C603FE1D0DD78800931C38 /* SponsorTableViewHeader.swift */,
			);
			path = SponsorTableViewHeader;
			sourceTree = "<group>";
		};
		E1C603FF1D0DD78800931C38 /* SponsorViewController */ = {
			isa = PBXGroup;
			children = (
				E1C604001D0DD78800931C38 /* SponsorsViewController.swift */,
				E1C604011D0DD78800931C38 /* SponsorsViewController.xib */,
			);
			path = SponsorViewController;
			sourceTree = "<group>";
		};
		E1C604021D0DD78800931C38 /* ViewModel */ = {
			isa = PBXGroup;
			children = (
				E1C604031D0DD78800931C38 /* SponsorTrierViewModel.swift */,
			);
			path = ViewModel;
			sourceTree = "<group>";
		};
		E1C604041D0DD78800931C38 /* About */ = {
			isa = PBXGroup;
			children = (
				7E7AAC1B1EDB315500B4A36C /* Models */,
				7E7AAC161EDB300500B4A36C /* Cell */,
				7E7AAC121EDB27A700B4A36C /* AboutViewController.swift */,
				7E7AAC131EDB27A700B4A36C /* AboutViewController.xib */,
			);
			path = About;
			sourceTree = "<group>";
		};
		E1C604111D0DD7E100931C38 /* Projects */ = {
			isa = PBXGroup;
			children = (
				A93BCD371D0E249B00005DB2 /* FilterOption.swift */,
				A93BCD351D0E232400005DB2 /* Projects.storyboard */,
				E1C604121D0DD7E100931C38 /* Project.swift */,
				E1C604131D0DD7E100931C38 /* ProjectsFilterOptionsViewController.swift */,
				E1C604141D0DD7E100931C38 /* ProjectsService.swift */,
				E1C604151D0DD7E100931C38 /* ProjectsStore.swift */,
				E1C604161D0DD7E100931C38 /* ProjectsViewController.swift */,
				E1C604171D0DD7E100931C38 /* ProjectTableViewCell.swift */,
			);
			path = Projects;
			sourceTree = "<group>";
		};
		E1C6042D1D0DDC9D00931C38 /* html */ = {
			isa = PBXGroup;
			children = (
				E1C6042E1D0DDC9D00931C38 /* about.html */,
			);
			path = html;
			sourceTree = "<group>";
		};
/* End PBXGroup section */

/* Begin PBXNativeTarget section */
		4453ED121CF9EA2C0028C8E0 /* CoolestProjects */ = {
			isa = PBXNativeTarget;
			buildConfigurationList = 4453ED351CF9EA2D0028C8E0 /* Build configuration list for PBXNativeTarget "CoolestProjects" */;
			buildPhases = (
				F77473B2EB2705D97760BEA0 /* [CP] Check Pods Manifest.lock */,
				4453ED0F1CF9EA2C0028C8E0 /* Sources */,
				4453ED101CF9EA2C0028C8E0 /* Frameworks */,
				4453ED111CF9EA2C0028C8E0 /* Resources */,
				E3E21386629585F14AE70CEB /* [CP] Embed Pods Frameworks */,
				A0F944E1308AE0E0EBD32A00 /* [CP] Copy Pods Resources */,
			);
			buildRules = (
			);
			dependencies = (
			);
			name = CoolestProjects;
			productName = CoolestProjects;
			productReference = 4453ED131CF9EA2C0028C8E0 /* Coolest Projects.app */;
			productType = "com.apple.product-type.application";
		};
		4453ED2B1CF9EA2D0028C8E0 /* CoolestProjectsTests */ = {
			isa = PBXNativeTarget;
			buildConfigurationList = 4453ED381CF9EA2D0028C8E0 /* Build configuration list for PBXNativeTarget "CoolestProjectsTests" */;
			buildPhases = (
				2EEF769894702732B8F79CE4 /* [CP] Check Pods Manifest.lock */,
				4453ED281CF9EA2D0028C8E0 /* Sources */,
				4453ED291CF9EA2D0028C8E0 /* Frameworks */,
				4453ED2A1CF9EA2D0028C8E0 /* Resources */,
				F3FA00618AA715015D29601F /* [CP] Embed Pods Frameworks */,
				F0835B0D1E5EC1DF97237F1D /* [CP] Copy Pods Resources */,
			);
			buildRules = (
			);
			dependencies = (
				4453ED2E1CF9EA2D0028C8E0 /* PBXTargetDependency */,
			);
			name = CoolestProjectsTests;
			productName = CoolestProjectsTests;
			productReference = 4453ED2C1CF9EA2D0028C8E0 /* CoolestProjectsTests.xctest */;
			productType = "com.apple.product-type.bundle.unit-test";
		};
/* End PBXNativeTarget section */

/* Begin PBXProject section */
		4453ED0B1CF9EA2C0028C8E0 /* Project object */ = {
			isa = PBXProject;
			attributes = {
				CLASSPREFIX = CPA;
				LastUpgradeCheck = 0820;
				ORGANIZATIONNAME = coderdojo;
				TargetAttributes = {
					4453ED121CF9EA2C0028C8E0 = {
						CreatedOnToolsVersion = 7.3;
						LastSwiftMigration = 0820;
						ProvisioningStyle = Manual;
						SystemCapabilities = {
							com.apple.BackgroundModes = {
								enabled = 1;
							};
							com.apple.Push = {
								enabled = 1;
							};
						};
					};
					4453ED2B1CF9EA2D0028C8E0 = {
						CreatedOnToolsVersion = 7.3;
						LastSwiftMigration = 0820;
						TestTargetID = 4453ED121CF9EA2C0028C8E0;
					};
				};
			};
			buildConfigurationList = 4453ED0E1CF9EA2C0028C8E0 /* Build configuration list for PBXProject "CoolestProjects" */;
			compatibilityVersion = "Xcode 3.2";
			developmentRegion = English;
			hasScannedForEncodings = 0;
			knownRegions = (
				en,
				Base,
			);
			mainGroup = 4453ED0A1CF9EA2C0028C8E0;
			productRefGroup = 4453ED141CF9EA2C0028C8E0 /* Products */;
			projectDirPath = "";
			projectRoot = "";
			targets = (
				4453ED121CF9EA2C0028C8E0 /* CoolestProjects */,
				4453ED2B1CF9EA2D0028C8E0 /* CoolestProjectsTests */,
			);
		};
/* End PBXProject section */

/* Begin PBXResourcesBuildPhase section */
		4453ED111CF9EA2C0028C8E0 /* Resources */ = {
			isa = PBXResourcesBuildPhase;
			buildActionMask = 2147483647;
			files = (
				E1C603F71D0C751400931C38 /* MapZoomViewController.xib in Resources */,
				A93BCD2F1D0DFA8000005DB2 /* Coderdojo2015-6071.jpg in Resources */,
				44980DAD1D05CE7000C26765 /* Speakers.xcassets in Resources */,
				A93BCD2E1D0DFA8000005DB2 /* Coderdojo2015-813.jpg in Resources */,
				E1C604241D0DD8C800931C38 /* About.strings in Resources */,
				7E7AAC151EDB27A700B4A36C /* AboutViewController.xib in Resources */,
				0DA43D1A1ED9D99D00ADDBED /* HallActivitiesViewController.xib in Resources */,
				4453ED231CF9EA2C0028C8E0 /* Assets.xcassets in Resources */,
				A9F8DB511D03332700ECE1F3 /* Home.xcassets in Resources */,
				4453ED211CF9EA2C0028C8E0 /* Main.storyboard in Resources */,
				9B1064291EDCBE7B00395CAA /* GemsViewController.xib in Resources */,
				9B5907841D05ED0200FCE40D /* MapsViewController.xib in Resources */,
				0DA43D081ED9BA9300ADDBED /* PanelSpeakerView.xib in Resources */,
				A9F8DB641D03623B00ECE1F3 /* SponsorBoxTableViewCell.xib in Resources */,
				9B69D8BD1ED95B470027795E /* BluetoothBoxTableViewCell.xib in Resources */,
				25F4BF051ED1DACB00F45E13 /* ContentTableViewCell.xib in Resources */,
				A93BCD2C1D0DFA8000005DB2 /* Coderdojo2015-547.jpg in Resources */,
				A91C07911D00EA54005271FE /* OpenSans-Light.ttf in Resources */,
				E1C6041F1D0DD7EF00931C38 /* Sponsors.strings in Resources */,
				A91C07921D00EA54005271FE /* OpenSans-Regular.ttf in Resources */,
				A91C07A61D0101C5005271FE /* Localizable.strings in Resources */,
				25F4BF011ED1C57300F45E13 /* Common.strings in Resources */,
				A93BCD2B1D0DFA8000005DB2 /* Coderdojo2015-107.jpg in Resources */,
				E1C6042F1D0DDC9D00931C38 /* about.html in Resources */,
				A97B8C411EC7BFF600B2A512 /* Alerts.strings in Resources */,
				A93BCD361D0E232400005DB2 /* Projects.storyboard in Resources */,
				7E7AAC1F1EDB370500B4A36C /* About.xcassets in Resources */,
				0DA43D111ED9D06800ADDBED /* WorkshopTableViewCell.xib in Resources */,
				A9F8DB4E1D0331C100ECE1F3 /* Home.strings in Resources */,
				7E426E721ED09946006BA833 /* PageHeaderView.xib in Resources */,
				E1C604091D0DD78800931C38 /* SponsorTableViewCell.xib in Resources */,
				E10F18F91D06F8C500AE44AC /* Menu.strings in Resources */,
				E1C604271D0DD93400931C38 /* Projects.strings in Resources */,
				A91C07931D00EA54005271FE /* OpenSans-Semibold.ttf in Resources */,
				E1C604291D0DD94A00931C38 /* Settings.bundle in Resources */,
				B79C042D35B744F825F85941 /* GoogleService-Info.plist in Resources */,
				0D2E55201EDAC82F00262A49 /* HallsViewController.xib in Resources */,
				A91C079D1D00EC3F005271FE /* HomeViewController.xib in Resources */,
				E1C604311D0DDD0E00931C38 /* Maps.strings in Resources */,
				A98010C81D0522E800AABC90 /* Stages.xcassets in Resources */,
				A9F8DB671D03716D00ECE1F3 /* HomeTableFooterView.xib in Resources */,
				7E7AAC1A1EDB301600B4A36C /* AboutViewTableViewCell.xib in Resources */,
				25273B841ED7019800B63BF7 /* Maps.xcassets in Resources */,
				0DA43D031ED9BA8900ADDBED /* PanelTableViewCell.xib in Resources */,
				A93BCD2D1D0DFA8000005DB2 /* Coderdojo2015-569.jpg in Resources */,
				25273B821ED6FEAE00B63BF7 /* MapViewTableViewCell.xib in Resources */,
				E1C6040C1D0DD78800931C38 /* SponsorsViewController.xib in Resources */,
				2501C52F1ED6C6DD00969F0B /* BlurbTableViewCell.xib in Resources */,
				9B1064321EDDF60A00395CAA /* GemTableViewCell.xib in Resources */,
			);
			runOnlyForDeploymentPostprocessing = 0;
		};
		4453ED2A1CF9EA2D0028C8E0 /* Resources */ = {
			isa = PBXResourcesBuildPhase;
			buildActionMask = 2147483647;
			files = (
				A97B8C2E1EAD724E00B2A512 /* RegionInteractionsInvalidData.json in Resources */,
				A97B8C2A1EAD60F100B2A512 /* RegionInteractions.json in Resources */,
			);
			runOnlyForDeploymentPostprocessing = 0;
		};
/* End PBXResourcesBuildPhase section */

/* Begin PBXShellScriptBuildPhase section */
		2EEF769894702732B8F79CE4 /* [CP] Check Pods Manifest.lock */ = {
			isa = PBXShellScriptBuildPhase;
			buildActionMask = 2147483647;
			files = (
			);
			inputPaths = (
			);
			name = "[CP] Check Pods Manifest.lock";
			outputPaths = (
			);
			runOnlyForDeploymentPostprocessing = 0;
			shellPath = /bin/sh;
			shellScript = "diff \"${PODS_PODFILE_DIR_PATH}/Podfile.lock\" \"${PODS_ROOT}/Manifest.lock\" > /dev/null\nif [ $? != 0 ] ; then\n    # print error to STDERR\n    echo \"error: The sandbox is not in sync with the Podfile.lock. Run 'pod install' or update your CocoaPods installation.\" >&2\n    exit 1\nfi\n";
			showEnvVarsInLog = 0;
		};
		A0F944E1308AE0E0EBD32A00 /* [CP] Copy Pods Resources */ = {
			isa = PBXShellScriptBuildPhase;
			buildActionMask = 2147483647;
			files = (
			);
			inputPaths = (
			);
			name = "[CP] Copy Pods Resources";
			outputPaths = (
			);
			runOnlyForDeploymentPostprocessing = 0;
			shellPath = /bin/sh;
			shellScript = "\"${SRCROOT}/Pods/Target Support Files/Pods-CoolestProjects/Pods-CoolestProjects-resources.sh\"\n";
			showEnvVarsInLog = 0;
		};
		E3E21386629585F14AE70CEB /* [CP] Embed Pods Frameworks */ = {
			isa = PBXShellScriptBuildPhase;
			buildActionMask = 2147483647;
			files = (
			);
			inputPaths = (
			);
			name = "[CP] Embed Pods Frameworks";
			outputPaths = (
			);
			runOnlyForDeploymentPostprocessing = 0;
			shellPath = /bin/sh;
			shellScript = "\"${SRCROOT}/Pods/Target Support Files/Pods-CoolestProjects/Pods-CoolestProjects-frameworks.sh\"\n";
			showEnvVarsInLog = 0;
		};
		F0835B0D1E5EC1DF97237F1D /* [CP] Copy Pods Resources */ = {
			isa = PBXShellScriptBuildPhase;
			buildActionMask = 2147483647;
			files = (
			);
			inputPaths = (
			);
			name = "[CP] Copy Pods Resources";
			outputPaths = (
			);
			runOnlyForDeploymentPostprocessing = 0;
			shellPath = /bin/sh;
			shellScript = "\"${SRCROOT}/Pods/Target Support Files/Pods-CoolestProjectsTests/Pods-CoolestProjectsTests-resources.sh\"\n";
			showEnvVarsInLog = 0;
		};
		F3FA00618AA715015D29601F /* [CP] Embed Pods Frameworks */ = {
			isa = PBXShellScriptBuildPhase;
			buildActionMask = 2147483647;
			files = (
			);
			inputPaths = (
			);
			name = "[CP] Embed Pods Frameworks";
			outputPaths = (
			);
			runOnlyForDeploymentPostprocessing = 0;
			shellPath = /bin/sh;
			shellScript = "\"${SRCROOT}/Pods/Target Support Files/Pods-CoolestProjectsTests/Pods-CoolestProjectsTests-frameworks.sh\"\n";
			showEnvVarsInLog = 0;
		};
		F77473B2EB2705D97760BEA0 /* [CP] Check Pods Manifest.lock */ = {
			isa = PBXShellScriptBuildPhase;
			buildActionMask = 2147483647;
			files = (
			);
			inputPaths = (
			);
			name = "[CP] Check Pods Manifest.lock";
			outputPaths = (
			);
			runOnlyForDeploymentPostprocessing = 0;
			shellPath = /bin/sh;
			shellScript = "diff \"${PODS_PODFILE_DIR_PATH}/Podfile.lock\" \"${PODS_ROOT}/Manifest.lock\" > /dev/null\nif [ $? != 0 ] ; then\n    # print error to STDERR\n    echo \"error: The sandbox is not in sync with the Podfile.lock. Run 'pod install' or update your CocoaPods installation.\" >&2\n    exit 1\nfi\n";
			showEnvVarsInLog = 0;
		};
/* End PBXShellScriptBuildPhase section */

/* Begin PBXSourcesBuildPhase section */
		4453ED0F1CF9EA2C0028C8E0 /* Sources */ = {
			isa = PBXSourcesBuildPhase;
			buildActionMask = 2147483647;
			files = (
				E1C6040D1D0DD78800931C38 /* SponsorTrierViewModel.swift in Sources */,
				E1C6041B1D0DD7E100931C38 /* ProjectsStore.swift in Sources */,
				0DA2D0141EDCC438007F7E51 /* MainTabBarController.swift in Sources */,
				A97B8C221EAD55A500B2A512 /* RegionMessageInteraction.swift in Sources */,
				9B74262B1EA3A46800945794 /* CPARegion.m in Sources */,
				7E7AAC191EDB301600B4A36C /* AboutViewTableViewCell.swift in Sources */,
				2501C5311ED6C70E00969F0B /* BlurbViewModel.swift in Sources */,
				0D6D56C41ED796770036B51A /* ScheduleService.swift in Sources */,
				0D2E55261EDB2E2F00262A49 /* UIFont+Additions.swift in Sources */,
				7E426E711ED09946006BA833 /* PageHeaderView.swift in Sources */,
				A9F8DB631D03623B00ECE1F3 /* SponsorBoxTableViewCell.swift in Sources */,
				A97B8C3F1EC7B80A00B2A512 /* BluetoothAlertManager.swift in Sources */,
				E1C604191D0DD7E100931C38 /* ProjectsFilterOptionsViewController.swift in Sources */,
				0D2E55221EDAC84200262A49 /* HallsViewController.swift in Sources */,
				A9D9D37F1ED38C3B001CE6F1 /* BeaconRegionInteractionStore.swift in Sources */,
				E1C6041C1D0DD7E100931C38 /* ProjectsViewController.swift in Sources */,
				A93BCD3E1D0E24A500005DB2 /* Constants.swift in Sources */,
				A97B8C2C1EAD64A900B2A512 /* DataStore.swift in Sources */,
				A91C078E1D00E3DC005271FE /* Boxes.swift in Sources */,
				0D6D56BF1ED785E30036B51A /* Halls+Decodable.swift in Sources */,
				A9D9D3801ED38C3B001CE6F1 /* BeaconRegionInteraction.swift in Sources */,
				9B0DB3E21D05B71C00F41956 /* BaseViewController.swift in Sources */,
				9B842DA21EC88FE300EF9540 /* CPADeeplinkManager.swift in Sources */,
				9B1064241EDCA6F500395CAA /* GemsViewController.swift in Sources */,
				E1C6041A1D0DD7E100931C38 /* ProjectsService.swift in Sources */,
				A90364941CFF9CD60089B351 /* HomeViewModel.swift in Sources */,
				0DA43D1C1ED9D9AA00ADDBED /* HallActivitiesViewController.swift in Sources */,
				A97B8C241EAD584200B2A512 /* RegionMessageInteractionStore.swift in Sources */,
				25318B221CFD93D800691791 /* CPASponsorTier.m in Sources */,
				0D6D56BD1ED783D00036B51A /* Halls.swift in Sources */,
				A97B8C371EAEB7EF00B2A512 /* Message.swift in Sources */,
				9B69D8BC1ED95B470027795E /* BluetoothBoxTableViewCell.swift in Sources */,
				A93BCD321D0DFE4800005DB2 /* CPAAbout.m in Sources */,
				7E7AAC1D1EDB315F00B4A36C /* AboutModel.swift in Sources */,
				A97B8C351EAEB02800B2A512 /* MessagesService.swift in Sources */,
				0DA43D011ED9B74D00ADDBED /* PanelTableViewCell.swift in Sources */,
				252811921ED1B2F300DFEE6A /* PagerHeaderComponent.swift in Sources */,
				9B1064271EDCA71600395CAA /* GemsViewModel.swift in Sources */,
				2501C52E1ED6C6DD00969F0B /* BlurbTableViewCell.swift in Sources */,
				252811941ED1B45B00DFEE6A /* PageHeaderTableViewCell.swift in Sources */,
				9B74262E1EA3A4FA00945794 /* CPABeacon.m in Sources */,
				0DB8E7091ED4BA04001861D8 /* Array+Gloss.swift in Sources */,
				E1C604081D0DD78800931C38 /* SponsorTableViewCell.swift in Sources */,
				0DA43D0C1ED9C4E700ADDBED /* UIColor+Additions.swift in Sources */,
				E1C6040A1D0DD78800931C38 /* SponsorTableViewHeader.swift in Sources */,
				25318B181CFD794000691791 /* CPAFirebaseDefaultService.m in Sources */,
				25318B1C1CFD7EA700691791 /* CPAObject.m in Sources */,
				7E7AAC141EDB27A700B4A36C /* AboutViewController.swift in Sources */,
				E1C6041D1D0DD7E100931C38 /* ProjectTableViewCell.swift in Sources */,
				2512CD0B1EE193A200B92CE8 /* UIImage+Additions.swift in Sources */,
				4453ED1B1CF9EA2C0028C8E0 /* AppDelegate.m in Sources */,
				9B1064311EDDF60A00395CAA /* GemTableViewCell.swift in Sources */,
				0DA43D071ED9BA9300ADDBED /* PanelSpeakerView.swift in Sources */,
				A93BCD3D1D0E24A500005DB2 /* Configurable.swift in Sources */,
				0DA43D101ED9D06800ADDBED /* WorkshopTableViewCell.swift in Sources */,
				A9F8DB6B1D0376BA00ECE1F3 /* HomeTableFooterView.swift in Sources */,
				A96EA6641EA6C7750021990F /* BeaconNotificationsManager.swift in Sources */,
				25F4BF081ED1DE6D00F45E13 /* ContentViewModel.swift in Sources */,
				25273B811ED6FEAE00B63BF7 /* MapViewTableViewCell.swift in Sources */,
				E1C604181D0DD7E100931C38 /* Project.swift in Sources */,
				E1C6040B1D0DD78800931C38 /* SponsorsViewController.swift in Sources */,
				0DA43D171ED9D1C700ADDBED /* HallsDataSources.swift in Sources */,
				4453ED181CF9EA2C0028C8E0 /* main.m in Sources */,
				AF3EA5C27264BE6E30AEBFA1 /* CPASponsor.m in Sources */,
				9B5907821D05ECE300FCE40D /* MapsViewController.swift in Sources */,
				25F4BF041ED1DACB00F45E13 /* ContentTableViewCell.swift in Sources */,
				9B59078A1D05F07600FCE40D /* MapsModel.swift in Sources */,
				A91C079C1D00EC3F005271FE /* HomeViewController.swift in Sources */,
				E1C603F51D0C74F600931C38 /* MapZoomViewController.swift in Sources */,
				A93BCD381D0E249B00005DB2 /* FilterOption.swift in Sources */,
			);
			runOnlyForDeploymentPostprocessing = 0;
		};
		4453ED281CF9EA2D0028C8E0 /* Sources */ = {
			isa = PBXSourcesBuildPhase;
			buildActionMask = 2147483647;
			files = (
				A97B8C271EAD5A0300B2A512 /* RegionInteractionStoreTest.swift in Sources */,
			);
			runOnlyForDeploymentPostprocessing = 0;
		};
/* End PBXSourcesBuildPhase section */

/* Begin PBXTargetDependency section */
		4453ED2E1CF9EA2D0028C8E0 /* PBXTargetDependency */ = {
			isa = PBXTargetDependency;
			target = 4453ED121CF9EA2C0028C8E0 /* CoolestProjects */;
			targetProxy = 4453ED2D1CF9EA2D0028C8E0 /* PBXContainerItemProxy */;
		};
/* End PBXTargetDependency section */

/* Begin PBXVariantGroup section */
		4453ED1F1CF9EA2C0028C8E0 /* Main.storyboard */ = {
			isa = PBXVariantGroup;
			children = (
				4453ED201CF9EA2C0028C8E0 /* Base */,
			);
			name = Main.storyboard;
			sourceTree = "<group>";
		};
/* End PBXVariantGroup section */

/* Begin XCBuildConfiguration section */
		4453ED331CF9EA2D0028C8E0 /* Debug */ = {
			isa = XCBuildConfiguration;
			buildSettings = {
				ALWAYS_SEARCH_USER_PATHS = NO;
				CLANG_ANALYZER_NONNULL = YES;
				CLANG_CXX_LANGUAGE_STANDARD = "gnu++0x";
				CLANG_CXX_LIBRARY = "libc++";
				CLANG_ENABLE_MODULES = YES;
				CLANG_ENABLE_OBJC_ARC = YES;
				CLANG_WARN_BOOL_CONVERSION = YES;
				CLANG_WARN_CONSTANT_CONVERSION = YES;
				CLANG_WARN_DIRECT_OBJC_ISA_USAGE = YES_ERROR;
				CLANG_WARN_EMPTY_BODY = YES;
				CLANG_WARN_ENUM_CONVERSION = YES;
				CLANG_WARN_INFINITE_RECURSION = YES;
				CLANG_WARN_INT_CONVERSION = YES;
				CLANG_WARN_OBJC_ROOT_CLASS = YES_ERROR;
				CLANG_WARN_SUSPICIOUS_MOVE = YES;
				CLANG_WARN_UNREACHABLE_CODE = YES;
				CLANG_WARN__DUPLICATE_METHOD_MATCH = YES;
				CODE_SIGN_IDENTITY = "iPhone Developer";
				"CODE_SIGN_IDENTITY[sdk=iphoneos*]" = "iPhone Developer";
				COPY_PHASE_STRIP = NO;
				DEBUG_INFORMATION_FORMAT = dwarf;
				ENABLE_STRICT_OBJC_MSGSEND = YES;
				ENABLE_TESTABILITY = YES;
				GCC_C_LANGUAGE_STANDARD = gnu99;
				GCC_DYNAMIC_NO_PIC = NO;
				GCC_NO_COMMON_BLOCKS = YES;
				GCC_OPTIMIZATION_LEVEL = 0;
				GCC_PREPROCESSOR_DEFINITIONS = (
					"DEBUG=1",
					"$(inherited)",
				);
				GCC_WARN_64_TO_32_BIT_CONVERSION = YES;
				GCC_WARN_ABOUT_RETURN_TYPE = YES_ERROR;
				GCC_WARN_UNDECLARED_SELECTOR = YES;
				GCC_WARN_UNINITIALIZED_AUTOS = YES_AGGRESSIVE;
				GCC_WARN_UNUSED_FUNCTION = YES;
				GCC_WARN_UNUSED_VARIABLE = YES;
				IPHONEOS_DEPLOYMENT_TARGET = 10.0;
				MTL_ENABLE_DEBUG_INFO = YES;
				ONLY_ACTIVE_ARCH = YES;
				SDKROOT = iphoneos;
			};
			name = Debug;
		};
		4453ED341CF9EA2D0028C8E0 /* Release */ = {
			isa = XCBuildConfiguration;
			buildSettings = {
				ALWAYS_SEARCH_USER_PATHS = NO;
				CLANG_ANALYZER_NONNULL = YES;
				CLANG_CXX_LANGUAGE_STANDARD = "gnu++0x";
				CLANG_CXX_LIBRARY = "libc++";
				CLANG_ENABLE_MODULES = YES;
				CLANG_ENABLE_OBJC_ARC = YES;
				CLANG_WARN_BOOL_CONVERSION = YES;
				CLANG_WARN_CONSTANT_CONVERSION = YES;
				CLANG_WARN_DIRECT_OBJC_ISA_USAGE = YES_ERROR;
				CLANG_WARN_EMPTY_BODY = YES;
				CLANG_WARN_ENUM_CONVERSION = YES;
				CLANG_WARN_INFINITE_RECURSION = YES;
				CLANG_WARN_INT_CONVERSION = YES;
				CLANG_WARN_OBJC_ROOT_CLASS = YES_ERROR;
				CLANG_WARN_SUSPICIOUS_MOVE = YES;
				CLANG_WARN_UNREACHABLE_CODE = YES;
				CLANG_WARN__DUPLICATE_METHOD_MATCH = YES;
				CODE_SIGN_IDENTITY = "iPhone Developer";
				"CODE_SIGN_IDENTITY[sdk=iphoneos*]" = "iPhone Developer";
				COPY_PHASE_STRIP = NO;
				DEBUG_INFORMATION_FORMAT = "dwarf-with-dsym";
				ENABLE_NS_ASSERTIONS = NO;
				ENABLE_STRICT_OBJC_MSGSEND = YES;
				GCC_C_LANGUAGE_STANDARD = gnu99;
				GCC_NO_COMMON_BLOCKS = YES;
				GCC_WARN_64_TO_32_BIT_CONVERSION = YES;
				GCC_WARN_ABOUT_RETURN_TYPE = YES_ERROR;
				GCC_WARN_UNDECLARED_SELECTOR = YES;
				GCC_WARN_UNINITIALIZED_AUTOS = YES_AGGRESSIVE;
				GCC_WARN_UNUSED_FUNCTION = YES;
				GCC_WARN_UNUSED_VARIABLE = YES;
				IPHONEOS_DEPLOYMENT_TARGET = 10.0;
				MTL_ENABLE_DEBUG_INFO = NO;
				SDKROOT = iphoneos;
				SWIFT_OPTIMIZATION_LEVEL = "-Owholemodule";
				VALIDATE_PRODUCT = YES;
			};
			name = Release;
		};
		4453ED361CF9EA2D0028C8E0 /* Debug */ = {
			isa = XCBuildConfiguration;
			baseConfigurationReference = 49BF7892A648D3451D22C052 /* Pods-CoolestProjects.debug.xcconfig */;
			buildSettings = {
				ALWAYS_EMBED_SWIFT_STANDARD_LIBRARIES = YES;
				ASSETCATALOG_COMPILER_APPICON_NAME = AppIcon;
				ASSETCATALOG_COMPILER_LAUNCHIMAGE_NAME = LaunchImage;
				CLANG_ENABLE_MODULES = YES;
				CODE_SIGN_ENTITLEMENTS = "CoolestProjects/Coolest Projects.entitlements";
				CODE_SIGN_IDENTITY = "iPhone Distribution: Noel King (78XSL3W3V9)";
				"CODE_SIGN_IDENTITY[sdk=iphoneos*]" = "iPhone Developer";
				DEFINES_MODULE = NO;
				DEVELOPMENT_TEAM = "";
				INFOPLIST_FILE = CoolestProjects/Info.plist;
				LD_RUNPATH_SEARCH_PATHS = "$(inherited) @executable_path/Frameworks";
				PRODUCT_BUNDLE_IDENTIFIER = org.coolestprojects.coolestprojectsevent;
				PRODUCT_NAME = "Coolest Projects";
				PROVISIONING_PROFILE = "";
				PROVISIONING_PROFILE_SPECIFIER = "";
				SWIFT_OBJC_BRIDGING_HEADER = "CoolestProjects/CoolestProjects-Bridging-Header.h";
				SWIFT_OPTIMIZATION_LEVEL = "-Onone";
				SWIFT_VERSION = 3.0;
			};
			name = Debug;
		};
		4453ED371CF9EA2D0028C8E0 /* Release */ = {
			isa = XCBuildConfiguration;
			baseConfigurationReference = 4597A15428DCEA5BAE8EAE8B /* Pods-CoolestProjects.release.xcconfig */;
			buildSettings = {
				ALWAYS_EMBED_SWIFT_STANDARD_LIBRARIES = YES;
				ASSETCATALOG_COMPILER_APPICON_NAME = AppIcon;
				ASSETCATALOG_COMPILER_LAUNCHIMAGE_NAME = LaunchImage;
				CLANG_ENABLE_MODULES = YES;
				CODE_SIGN_ENTITLEMENTS = "CoolestProjects/Coolest Projects.entitlements";
				CODE_SIGN_IDENTITY = "iPhone Distribution: Noel King (78XSL3W3V9)";
				"CODE_SIGN_IDENTITY[sdk=iphoneos*]" = "iPhone Developer";
				DEFINES_MODULE = NO;
				DEVELOPMENT_TEAM = "";
				INFOPLIST_FILE = CoolestProjects/Info.plist;
				LD_RUNPATH_SEARCH_PATHS = "$(inherited) @executable_path/Frameworks";
				PRODUCT_BUNDLE_IDENTIFIER = org.coolestprojects.coolestprojectsevent;
				PRODUCT_NAME = "Coolest Projects";
				PROVISIONING_PROFILE = "";
				PROVISIONING_PROFILE_SPECIFIER = "";
				SWIFT_OBJC_BRIDGING_HEADER = "CoolestProjects/CoolestProjects-Bridging-Header.h";
				SWIFT_VERSION = 3.0;
			};
			name = Release;
		};
		4453ED391CF9EA2D0028C8E0 /* Debug */ = {
			isa = XCBuildConfiguration;
			baseConfigurationReference = 7A77BE0BE8745848AD692EC7 /* Pods-CoolestProjectsTests.debug.xcconfig */;
			buildSettings = {
				ALWAYS_EMBED_SWIFT_STANDARD_LIBRARIES = YES;
				BUNDLE_LOADER = "$(TEST_HOST)";
				CLANG_ENABLE_MODULES = YES;
				INFOPLIST_FILE = CoolestProjectsTests/Info.plist;
				LD_RUNPATH_SEARCH_PATHS = "$(inherited) @executable_path/Frameworks @loader_path/Frameworks";
				PRODUCT_BUNDLE_IDENTIFIER = com.coderdojo.CoolestProjectsTests;
				PRODUCT_NAME = "$(TARGET_NAME)";
				SWIFT_OBJC_BRIDGING_HEADER = "CoolestProjectsTests/CoolestProjectsTests-Bridging-Header.h";
				SWIFT_OPTIMIZATION_LEVEL = "-Onone";
				SWIFT_VERSION = 3.0;
				TEST_HOST = "$(BUILT_PRODUCTS_DIR)/Coolest Projects.app/Coolest Projects";
			};
			name = Debug;
		};
		4453ED3A1CF9EA2D0028C8E0 /* Release */ = {
			isa = XCBuildConfiguration;
			baseConfigurationReference = F4C963232B4882A7A78E90F5 /* Pods-CoolestProjectsTests.release.xcconfig */;
			buildSettings = {
				ALWAYS_EMBED_SWIFT_STANDARD_LIBRARIES = YES;
				BUNDLE_LOADER = "$(TEST_HOST)";
				CLANG_ENABLE_MODULES = YES;
				INFOPLIST_FILE = CoolestProjectsTests/Info.plist;
				LD_RUNPATH_SEARCH_PATHS = "$(inherited) @executable_path/Frameworks @loader_path/Frameworks";
				PRODUCT_BUNDLE_IDENTIFIER = com.coderdojo.CoolestProjectsTests;
				PRODUCT_NAME = "$(TARGET_NAME)";
				SWIFT_OBJC_BRIDGING_HEADER = "CoolestProjectsTests/CoolestProjectsTests-Bridging-Header.h";
				SWIFT_VERSION = 3.0;
				TEST_HOST = "$(BUILT_PRODUCTS_DIR)/Coolest Projects.app/Coolest Projects";
			};
			name = Release;
		};
/* End XCBuildConfiguration section */

/* Begin XCConfigurationList section */
		4453ED0E1CF9EA2C0028C8E0 /* Build configuration list for PBXProject "CoolestProjects" */ = {
			isa = XCConfigurationList;
			buildConfigurations = (
				4453ED331CF9EA2D0028C8E0 /* Debug */,
				4453ED341CF9EA2D0028C8E0 /* Release */,
			);
			defaultConfigurationIsVisible = 0;
			defaultConfigurationName = Release;
		};
		4453ED351CF9EA2D0028C8E0 /* Build configuration list for PBXNativeTarget "CoolestProjects" */ = {
			isa = XCConfigurationList;
			buildConfigurations = (
				4453ED361CF9EA2D0028C8E0 /* Debug */,
				4453ED371CF9EA2D0028C8E0 /* Release */,
			);
			defaultConfigurationIsVisible = 0;
			defaultConfigurationName = Release;
		};
		4453ED381CF9EA2D0028C8E0 /* Build configuration list for PBXNativeTarget "CoolestProjectsTests" */ = {
			isa = XCConfigurationList;
			buildConfigurations = (
				4453ED391CF9EA2D0028C8E0 /* Debug */,
				4453ED3A1CF9EA2D0028C8E0 /* Release */,
			);
			defaultConfigurationIsVisible = 0;
			defaultConfigurationName = Release;
		};
/* End XCConfigurationList section */
	};
	rootObject = 4453ED0B1CF9EA2C0028C8E0 /* Project object */;
}
